Microsoft Visual Studio Solution File, Format Version 12.00
# Visual Studio Version 17
VisualStudioVersion = 17.8.0.0
MinimumVisualStudioVersion = 17.8.0.0
Project("{FAE04EC0-301F-11D3-BF4B-00C04F79EFBC}") = "MediaInAction.AppHost", "aspire\AppHost\MediaInAction.AppHost.csproj", "{83E18AE5-35EF-4E3E-AB6F-C5A96F1FE7CF}"
EndProject
Project("{FAE04EC0-301F-11D3-BF4B-00C04F79EFBC}") = "MediaInAction.ServiceDefaults", "aspire\ServiceDefaults\MediaInAction.ServiceDefaults.csproj", "{25F596CB-734B-4D22-BB9B-BF3FE4ED645C}"
EndProject
Project("{2150E333-8FDC-42A3-9474-1A3956D46DE8}") = "apps", "apps", "{224361D2-3869-4F9A-A882-2554036A98AF}"
EndProject
Project("{2150E333-8FDC-42A3-9474-1A3956D46DE8}") = "services", "services", "{0B9A1A27-E4AC-4228-AE7A-FC2CEBE2AD7B}"
EndProject
Project("{FAE04EC0-301F-11D3-BF4B-00C04F79EFBC}") = "MediaInAction.AdministrationService.HttpApi.Host", "services\administration\src\MediaInAction.AdministrationService.HttpApi.Host\MediaInAction.AdministrationService.HttpApi.Host.csproj", "{A630417B-1C25-4BAB-B1D3-22C627DF0008}"
EndProject
Project("{FAE04EC0-301F-11D3-BF4B-00C04F79EFBC}") = "MediaInAction.IdentityService.HttpApi.Host", "services\identity\src\MediaInAction.IdentityService.HttpApi.Host\MediaInAction.IdentityService.HttpApi.Host.csproj", "{582CE0DB-2B91-4978-9AF8-B18C732D08B5}"
EndProject
Project("{FAE04EC0-301F-11D3-BF4B-00C04F79EFBC}") = "MediaInAction.VideoService.HttpApi.Host", "services\video\src\MediaInAction.VideoService.HttpApi.Host\MediaInAction.VideoService.HttpApi.Host.csproj", "{E41F937A-0FE1-4E55-B449-CABF5D42A093}"
EndProject
Project("{FAE04EC0-301F-11D3-BF4B-00C04F79EFBC}") = "MediaInAction.CmskitService.HttpApi.Host", "services\cmskit\src\MediaInAction.CmskitService.HttpApi.Host\MediaInAction.CmskitService.HttpApi.Host.csproj", "{C08FF8C8-354D-40EC-A80C-AFCE36A88DF9}"
EndProject
Project("{FAE04EC0-301F-11D3-BF4B-00C04F79EFBC}") = "MediaInAction.FileService.HttpApi.Host", "services\file\src\MediaInAction.FileService.HttpApi.Host\MediaInAction.FileService.HttpApi.Host.csproj", "{89A65776-2367-4855-8956-53322C2BF70B}"
EndProject
Project("{FAE04EC0-301F-11D3-BF4B-00C04F79EFBC}") = "MediaInAction.TraktService.HttpApi.Host", "services\trakt\src\MediaInAction.TraktService.HttpApi.Host\MediaInAction.TraktService.HttpApi.Host.csproj", "{2C55D527-4E09-4FD6-B4C6-7EFDD457358F}"
EndProject
Project("{2150E333-8FDC-42A3-9474-1A3956D46DE8}") = "aspire", "aspire", "{B7619466-6A0F-4981-9483-FA935275583B}"
EndProject
Project("{2150E333-8FDC-42A3-9474-1A3956D46DE8}") = "gateways", "gateways", "{FDF81F68-085D-4C5E-964A-1FD8A1D96277}"
EndProject
Project("{FAE04EC0-301F-11D3-BF4B-00C04F79EFBC}") = "MediaInAction.WebGateway", "gateways\web\src\MediaInAction.WebGateway\MediaInAction.WebGateway.csproj", "{91B60054-9B37-476D-8894-2F91046CC53A}"
EndProject
Project("{FAE04EC0-301F-11D3-BF4B-00C04F79EFBC}") = "MediaInAction.WebPublicGateway", "gateways\web-public\src\MediaInAction.WebPublicGateway\MediaInAction.WebPublicGateway.csproj", "{B9DC001F-BEE2-4E85-8E7E-B6B84298F0D5}"
EndProject
Project("{2150E333-8FDC-42A3-9474-1A3956D46DE8}") = "shared", "shared", "{7F683C4A-7D91-44EE-AF90-A5901BE6F90E}"
EndProject
Project("{FAE04EC0-301F-11D3-BF4B-00C04F79EFBC}") = "MediaInAction.Keycloak.DbMigrator", "shared\MediaInAction.Keycloak.DbMigrator\MediaInAction.Keycloak.DbMigrator.csproj", "{A0ECB336-8E44-46F4-B551-0595AF5B4D62}"
EndProject
Project("{FAE04EC0-301F-11D3-BF4B-00C04F79EFBC}") = "MediaInAction.Shared.Hosting", "shared\MediaInAction.Shared.Hosting\MediaInAction.Shared.Hosting.csproj", "{C51FAFAE-59FE-470D-BE49-B4CDB9DF934B}"
EndProject
Project("{FAE04EC0-301F-11D3-BF4B-00C04F79EFBC}") = "MediaInAction.Shared.Hosting.AspNetCore", "shared\MediaInAction.Shared.Hosting.AspNetCore\MediaInAction.Shared.Hosting.AspNetCore.csproj", "{A6CE17C4-6991-45CC-9AD6-D0F5DA11CE64}"
EndProject
Project("{FAE04EC0-301F-11D3-BF4B-00C04F79EFBC}") = "MediaInAction.Shared.Hosting.Gateways", "shared\MediaInAction.Shared.Hosting.Gateways\MediaInAction.Shared.Hosting.Gateways.csproj", "{9C5BB7A5-63EB-4D63-9632-BEF22D22F780}"
EndProject
Project("{FAE04EC0-301F-11D3-BF4B-00C04F79EFBC}") = "MediaInAction.Shared.Hosting.Microservices", "shared\MediaInAction.Shared.Hosting.Microservices\MediaInAction.Shared.Hosting.Microservices.csproj", "{D3CD271A-F0C2-48A6-BD57-40D500B26645}"
EndProject
Project("{FAE04EC0-301F-11D3-BF4B-00C04F79EFBC}") = "MediaInAction.Shared.Localization", "shared\MediaInAction.Shared.Localization\MediaInAction.Shared.Localization.csproj", "{3A7CC445-7D7D-41E6-A115-EFFE3A225506}"
EndProject
Project("{2150E333-8FDC-42A3-9474-1A3956D46DE8}") = "links", "links", "{8993A8E6-5BA3-4379-AA8F-8E8AE9E5155D}"
EndProject
Project("{2150E333-8FDC-42A3-9474-1A3956D46DE8}") = "services", "services", "{287B1D42-5AF9-4BF0-AB8E-C7DC5CE83AF1}"
EndProject
Project("{2150E333-8FDC-42A3-9474-1A3956D46DE8}") = "admin", "admin", "{4D88342A-B2A1-4BA0-827B-CE3C2129F91D}"
EndProject
Project("{FAE04EC0-301F-11D3-BF4B-00C04F79EFBC}") = "MediaInAction.AdministrationService.Domain", "services\administration\src\MediaInAction.AdministrationService.Domain\MediaInAction.AdministrationService.Domain.csproj", "{008E3685-0B2D-4CA7-891B-6C9EA313389C}"
EndProject
Project("{FAE04EC0-301F-11D3-BF4B-00C04F79EFBC}") = "MediaInAction.AdministrationService.Application.Contracts", "services\administration\src\MediaInAction.AdministrationService.Application.Contracts\MediaInAction.AdministrationService.Application.Contracts.csproj", "{8F8E4839-1645-4E78-89C0-2F0870592B87}"
EndProject
Project("{FAE04EC0-301F-11D3-BF4B-00C04F79EFBC}") = "MediaInAction.AdministrationService.Domain.Shared", "services\administration\src\MediaInAction.AdministrationService.Domain.Shared\MediaInAction.AdministrationService.Domain.Shared.csproj", "{278FD9AB-AC3A-4424-841D-112CEABA78EE}"
EndProject
Project("{FAE04EC0-301F-11D3-BF4B-00C04F79EFBC}") = "MediaInAction.AdministrationService.EntityFrameworkCore", "services\administration\src\MediaInAction.AdministrationService.EntityFrameworkCore\MediaInAction.AdministrationService.EntityFrameworkCore.csproj", "{27AACE42-F715-4D1D-8C75-767AB550DB66}"
EndProject
Project("{FAE04EC0-301F-11D3-BF4B-00C04F79EFBC}") = "MediaInAction.AdministrationService.Application", "services\administration\src\MediaInAction.AdministrationService.Application\MediaInAction.AdministrationService.Application.csproj", "{0907EAD1-4887-481D-84E0-A00D8002B975}"
EndProject
Project("{FAE04EC0-301F-11D3-BF4B-00C04F79EFBC}") = "MediaInAction.AdministrationService.HttpApi", "services\administration\src\MediaInAction.AdministrationService.HttpApi\MediaInAction.AdministrationService.HttpApi.csproj", "{0F8CB7E5-D487-4B49-BA7A-6AEE5A4571B3}"
EndProject
Project("{FAE04EC0-301F-11D3-BF4B-00C04F79EFBC}") = "MediaInAction.AdministrationService.HttpApi.Client", "services\administration\src\MediaInAction.AdministrationService.HttpApi.Client\MediaInAction.AdministrationService.HttpApi.Client.csproj", "{F1717DD6-7DFB-48A1-9F40-C8E2337F2EDA}"
EndProject
Project("{2150E333-8FDC-42A3-9474-1A3956D46DE8}") = "emby", "emby", "{C389FC7E-8754-45DB-A160-7185396596DA}"
EndProject
Project("{2150E333-8FDC-42A3-9474-1A3956D46DE8}") = "video", "video", "{CAEB081C-07BD-47CB-9536-18FD3DC3CB9A}"
EndProject
Project("{FAE04EC0-301F-11D3-BF4B-00C04F79EFBC}") = "MediaInAction.VideoService.Application", "services\video\src\MediaInAction.VideoService.Application\MediaInAction.VideoService.Application.csproj", "{6EE5A6DB-9F9C-4074-96E4-16580BBD8521}"
EndProject
Project("{FAE04EC0-301F-11D3-BF4B-00C04F79EFBC}") = "MediaInAction.VideoService.Domain", "services\video\src\MediaInAction.VideoService.Domain\MediaInAction.VideoService.Domain.csproj", "{B3BE5F96-C856-4AED-BB0F-F2B7B9C9BE95}"
EndProject
Project("{FAE04EC0-301F-11D3-BF4B-00C04F79EFBC}") = "MediaInAction.VideoService.Application.Contracts", "services\video\src\MediaInAction.VideoService.Application.Contracts\MediaInAction.VideoService.Application.Contracts.csproj", "{DF0B23CC-E437-4ADB-8692-B0952C9373DC}"
EndProject
Project("{FAE04EC0-301F-11D3-BF4B-00C04F79EFBC}") = "MediaInAction.VideoService.HttpApi.Client", "services\video\src\MediaInAction.VideoService.HttpApi.Client\MediaInAction.VideoService.HttpApi.Client.csproj", "{EB21A05E-8172-49F3-AC15-2BDABF9C3ABB}"
EndProject
Project("{FAE04EC0-301F-11D3-BF4B-00C04F79EFBC}") = "MediaInAction.VideoService.Domain.Shared", "services\video\src\MediaInAction.VideoService.Domain.Shared\MediaInAction.VideoService.Domain.Shared.csproj", "{C0D5904B-23AC-4A2C-AB04-2441AAD608CF}"
EndProject
Project("{2150E333-8FDC-42A3-9474-1A3956D46DE8}") = "file", "file", "{A4836246-9AB7-499F-BA30-9A2B60291C39}"
EndProject
Project("{FAE04EC0-301F-11D3-BF4B-00C04F79EFBC}") = "MediaInAction.FileService.Application", "services\file\src\MediaInAction.FileService.Application\MediaInAction.FileService.Application.csproj", "{D50BBF73-8D43-4CE9-9019-EB97307B07DE}"
EndProject
Project("{FAE04EC0-301F-11D3-BF4B-00C04F79EFBC}") = "MediaInAction.FileService.Domain.Shared", "services\file\src\MediaInAction.FileService.Domain.Shared\MediaInAction.FileService.Domain.Shared.csproj", "{959C8690-6BC3-404C-86C9-24CB42974B93}"
EndProject
Project("{FAE04EC0-301F-11D3-BF4B-00C04F79EFBC}") = "MediaInAction.FileService.Application.Contracts", "services\file\src\MediaInAction.FileService.Application.Contracts\MediaInAction.FileService.Application.Contracts.csproj", "{557EB04E-EC37-4092-8F69-E0F85DBBDB09}"
EndProject
Project("{FAE04EC0-301F-11D3-BF4B-00C04F79EFBC}") = "MediaInAction.FileService.Domain", "services\file\src\MediaInAction.FileService.Domain\MediaInAction.FileService.Domain.csproj", "{00BCD597-95BA-4557-AF95-C173CE000A4B}"
EndProject
Project("{FAE04EC0-301F-11D3-BF4B-00C04F79EFBC}") = "MediaInAction.FileService.HttpApi", "services\file\src\MediaInAction.FileService.HttpApi\MediaInAction.FileService.HttpApi.csproj", "{A7892638-3302-411B-A7CF-3CCD3D824482}"
EndProject
Project("{FAE04EC0-301F-11D3-BF4B-00C04F79EFBC}") = "MediaInAction.FileService.HttpApi.Client", "services\file\src\MediaInAction.FileService.HttpApi.Client\MediaInAction.FileService.HttpApi.Client.csproj", "{D9FEC049-0F2E-4A99-B036-DBBFB37BDA78}"
EndProject
Project("{2150E333-8FDC-42A3-9474-1A3956D46DE8}") = "trakt", "trakt", "{940CF784-BC05-4C09-B491-03C91FFCB467}"
EndProject
Project("{FAE04EC0-301F-11D3-BF4B-00C04F79EFBC}") = "MediaInAction.TraktService.Application", "services\trakt\src\MediaInAction.TraktService.Application\MediaInAction.TraktService.Application.csproj", "{56014ACD-A499-4509-AAA6-420BCDB4736A}"
EndProject
Project("{FAE04EC0-301F-11D3-BF4B-00C04F79EFBC}") = "MediaInAction.TraktService.Application.Contracts", "services\trakt\src\MediaInAction.TraktService.Application.Contracts\MediaInAction.TraktService.Application.Contracts.csproj", "{6DB2B0D1-904A-4A69-9944-E488FA7A99A5}"
EndProject
Project("{FAE04EC0-301F-11D3-BF4B-00C04F79EFBC}") = "MediaInAction.TraktService.HttpApi", "services\trakt\src\MediaInAction.TraktService.HttpApi\MediaInAction.TraktService.HttpApi.csproj", "{32BB7AF2-26DA-400A-863A-CA8D31A51F8E}"
EndProject
Project("{FAE04EC0-301F-11D3-BF4B-00C04F79EFBC}") = "MediaInAction.TraktService.Domain", "services\trakt\src\MediaInAction.TraktService.Domain\MediaInAction.TraktService.Domain.csproj", "{BA540DCC-243E-464C-B86C-03CA47780EA6}"
EndProject
Project("{FAE04EC0-301F-11D3-BF4B-00C04F79EFBC}") = "MediaInAction.TraktService.Domain.Shared", "services\trakt\src\MediaInAction.TraktService.Domain.Shared\MediaInAction.TraktService.Domain.Shared.csproj", "{6BA29CB7-2C2F-447A-808F-DD14B84A483E}"
EndProject
Project("{FAE04EC0-301F-11D3-BF4B-00C04F79EFBC}") = "MediaInAction.TraktService.HttpApi.Client", "services\trakt\src\MediaInAction.TraktService.HttpApi.Client\MediaInAction.TraktService.HttpApi.Client.csproj", "{1B8AFDE6-3CDD-467F-B51E-4ADA1B3EAB25}"
EndProject
Project("{FAE04EC0-301F-11D3-BF4B-00C04F79EFBC}") = "MediaInAction.VideoService.HttpApi", "services\video\src\MediaInAction.VideoService.HttpApi\MediaInAction.VideoService.HttpApi.csproj", "{A9CFDCD5-BB21-430C-A405-1A940ECFD994}"
EndProject
Project("{2150E333-8FDC-42A3-9474-1A3956D46DE8}") = "cmskit", "cmskit", "{55E9149F-7CC9-4A5C-9767-192553397E17}"
EndProject
Project("{FAE04EC0-301F-11D3-BF4B-00C04F79EFBC}") = "MediaInAction.CmskitService.Application", "services\cmskit\src\MediaInAction.CmskitService.Application\MediaInAction.CmskitService.Application.csproj", "{1CBC3C02-3DC6-432D-A0E0-F7B2FA2D56BC}"
EndProject
Project("{FAE04EC0-301F-11D3-BF4B-00C04F79EFBC}") = "MediaInAction.CmskitService.HttpApi.Client", "services\cmskit\src\MediaInAction.CmskitService.HttpApi.Client\MediaInAction.CmskitService.HttpApi.Client.csproj", "{B6E8F384-096B-45FF-9308-F34796C785A3}"
EndProject
Project("{FAE04EC0-301F-11D3-BF4B-00C04F79EFBC}") = "MediaInAction.CmskitService.Application.Contracts", "services\cmskit\src\MediaInAction.CmskitService.Application.Contracts\MediaInAction.CmskitService.Application.Contracts.csproj", "{28704B13-A17F-4FB5-ADCD-A8EACA7DA8F5}"
EndProject
Project("{FAE04EC0-301F-11D3-BF4B-00C04F79EFBC}") = "MediaInAction.CmskitService.Domain", "services\cmskit\src\MediaInAction.CmskitService.Domain\MediaInAction.CmskitService.Domain.csproj", "{4AB3B58C-6AE7-48AF-9BC1-59ECF7C4BEC3}"
EndProject
Project("{FAE04EC0-301F-11D3-BF4B-00C04F79EFBC}") = "MediaInAction.CmskitService.Domain.Shared", "services\cmskit\src\MediaInAction.CmskitService.Domain.Shared\MediaInAction.CmskitService.Domain.Shared.csproj", "{9486FC61-C734-4238-A232-AA766529D1B5}"
EndProject
Project("{FAE04EC0-301F-11D3-BF4B-00C04F79EFBC}") = "MediaInAction.CmskitService.HttpApi", "services\cmskit\src\MediaInAction.CmskitService.HttpApi\MediaInAction.CmskitService.HttpApi.csproj", "{ABA12F0C-0129-4F00-8B61-5119B4A49BEB}"
EndProject
Project("{FAE04EC0-301F-11D3-BF4B-00C04F79EFBC}") = "MediaInAction.CmskitService.EntityFrameworkCore", "services\cmskit\src\MediaInAction.CmskitService.EntityFrameworkCore\MediaInAction.CmskitService.EntityFrameworkCore.csproj", "{2F014740-030C-4D47-B4E6-05FEDDB83A34}"
EndProject
Project("{2150E333-8FDC-42A3-9474-1A3956D46DE8}") = "identity", "identity", "{0CA8DF5E-1964-4A5F-9D5A-E6EBE3AEE348}"
EndProject
Project("{FAE04EC0-301F-11D3-BF4B-00C04F79EFBC}") = "MediaInAction.IdentityService.Application.Contracts", "services\identity\src\MediaInAction.IdentityService.Application.Contracts\MediaInAction.IdentityService.Application.Contracts.csproj", "{38584F6A-CC79-476D-B83C-B0A9C33613D9}"
EndProject
Project("{FAE04EC0-301F-11D3-BF4B-00C04F79EFBC}") = "MediaInAction.IdentityService.Domain", "services\identity\src\MediaInAction.IdentityService.Domain\MediaInAction.IdentityService.Domain.csproj", "{C4FA39C5-64A7-41DD-87AE-B3C528723B43}"
EndProject
Project("{FAE04EC0-301F-11D3-BF4B-00C04F79EFBC}") = "MediaInAction.IdentityService.Application", "services\identity\src\MediaInAction.IdentityService.Application\MediaInAction.IdentityService.Application.csproj", "{DF6CDF41-137E-4F6E-B8FA-6BE7458C066A}"
EndProject
Project("{FAE04EC0-301F-11D3-BF4B-00C04F79EFBC}") = "MediaInAction.IdentityService.EntityFrameworkCore", "services\identity\src\MediaInAction.IdentityService.EntityFrameworkCore\MediaInAction.IdentityService.EntityFrameworkCore.csproj", "{00948A9A-5BAA-499D-A6BF-8DD683415413}"
EndProject
Project("{FAE04EC0-301F-11D3-BF4B-00C04F79EFBC}") = "MediaInAction.IdentityService.Domain.Shared", "services\identity\src\MediaInAction.IdentityService.Domain.Shared\MediaInAction.IdentityService.Domain.Shared.csproj", "{FCE4AA52-6127-4C10-B920-FD31E7B2E840}"
EndProject
Project("{FAE04EC0-301F-11D3-BF4B-00C04F79EFBC}") = "MediaInAction.IdentityService.HttpApi", "services\identity\src\MediaInAction.IdentityService.HttpApi\MediaInAction.IdentityService.HttpApi.csproj", "{3C23AA94-7F3D-446C-9BE2-8C48EA43922F}"
EndProject
Project("{FAE04EC0-301F-11D3-BF4B-00C04F79EFBC}") = "MediaInAction.IdentityService.HttpApi.Client", "services\identity\src\MediaInAction.IdentityService.HttpApi.Client\MediaInAction.IdentityService.HttpApi.Client.csproj", "{88DAABBD-CA2A-4F5F-AA16-1145913D6E39}"
EndProject
Project("{FAE04EC0-301F-11D3-BF4B-00C04F79EFBC}") = "MediaInAction.TraktService.MongoDb", "services\trakt\src\MediaInAction.TraktService.MongoDb\MediaInAction.TraktService.MongoDb.csproj", "{54371996-4CDB-436B-8B30-D44158E91EE5}"
EndProject
Project("{FAE04EC0-301F-11D3-BF4B-00C04F79EFBC}") = "MediaInAction.FileService.MongoDb", "services\file\src\MediaInAction.FileService.MongoDb\MediaInAction.FileService.MongoDb.csproj", "{54054713-DDE7-417F-8136-07B6C5BF82AC}"
EndProject
Project("{FAE04EC0-301F-11D3-BF4B-00C04F79EFBC}") = "MediaInAction.VideoService.EntityFrameworkCore", "services\video\src\MediaInAction.VideoService.EntityFrameworkCore\MediaInAction.VideoService.EntityFrameworkCore.csproj", "{EC861270-D458-4779-B012-A771BF8BB3FD}"
EndProject
Project("{FAE04EC0-301F-11D3-BF4B-00C04F79EFBC}") = "MediaInAction.VideoService.HttpApi.Background.Host", "services\video\src\MediaInAction.VideoService.HttpApi.Background.host\MediaInAction.VideoService.HttpApi.Background.Host.csproj", "{15374DEB-499A-4992-BC02-F342BF6C9FB2}"
EndProject
Project("{FAE04EC0-301F-11D3-BF4B-00C04F79EFBC}") = "MediaInAction.Shared.Domain", "shared\MediaInAction.Shared.Domain\MediaInAction.Shared.Domain.csproj", "{FFE927FD-A580-4926-BDCE-67D521B66B16}"
EndProject
Project("{FAE04EC0-301F-11D3-BF4B-00C04F79EFBC}") = "MediaInAction.Shared.Grpc", "shared\MediaInAction.Shared.Grpc\MediaInAction.Shared.Grpc.csproj", "{FCD65CD0-CD58-49D2-867E-639294B886C7}"
EndProject
Project("{FAE04EC0-301F-11D3-BF4B-00C04F79EFBC}") = "MediaInAction.VideoService.BackgroundWorkers", "services\video\src\MediaInAction.VideoService.BackgroundWorkers\MediaInAction.VideoService.BackgroundWorkers.csproj", "{1827C28C-90BE-416C-BFD0-C94341F5FE10}"
EndProject
Project("{FAE04EC0-301F-11D3-BF4B-00C04F79EFBC}") = "MediaInAction.VideoService.Lib", "services\video\src\MediaInAction.VideoService.Lib\MediaInAction.VideoService.Lib.csproj", "{FED8219C-03DB-4983-8B03-DF17D5D17C1B}"
EndProject
Project("{FAE04EC0-301F-11D3-BF4B-00C04F79EFBC}") = "MediaInAction.TraktService.HttpApi.Background.Host", "services\trakt\src\MediaInAction.TraktService.HttpApi.Background.Host\MediaInAction.TraktService.HttpApi.Background.Host.csproj", "{FACDC349-0F34-4980-ABA3-2E1F52625E0A}"
EndProject
Project("{FAE04EC0-301F-11D3-BF4B-00C04F79EFBC}") = "MediaInAction.TraktService.Lib", "services\trakt\src\MediaInAction.TraktService.Lib\MediaInAction.TraktService.Lib.csproj", "{A8071B3A-4553-459D-948D-95C96427ECD3}"
EndProject
Project("{FAE04EC0-301F-11D3-BF4B-00C04F79EFBC}") = "MediaInAction.TraktService.BackgroundWorkers", "services\trakt\src\MediaInAction.TraktService.BackgroundWorkers\MediaInAction.TraktService.BackgroundWorkers.csproj", "{1CA6B817-3CF3-401C-96D9-5616A0E8358F}"
EndProject
Project("{FAE04EC0-301F-11D3-BF4B-00C04F79EFBC}") = "MediaInAction.TraktService.Nodb.Lib", "services\trakt\src\MediaInAction.TraktService.Nodb.Lib\MediaInAction.TraktService.Nodb.Lib.csproj", "{7507F865-6446-44C7-BE21-EB3F0705E3DC}"
EndProject
Project("{2150E333-8FDC-42A3-9474-1A3956D46DE8}") = "libs", "libs", "{98DB3508-D8A9-4C1B-B8B1-0B02679FD01C}"
EndProject
Project("{FAE04EC0-301F-11D3-BF4B-00C04F79EFBC}") = "EmbyClient.Dotnet", "libs\EmbyClient.Dotnet\EmbyClient.Dotnet.csproj", "{B2C972C1-A5E8-4D1E-BF70-21063EE71886}"
EndProject
Project("{FAE04EC0-301F-11D3-BF4B-00C04F79EFBC}") = "DelugeRPCClient.Net", "libs\DelugeRPCClient.Net\DelugeRPCClient.Net.csproj", "{172E1F27-B17B-42E7-9FF0-539CB3D61C3C}"
EndProject
Project("{FAE04EC0-301F-11D3-BF4B-00C04F79EFBC}") = "MediaInAction.Shared.Integration", "shared\MediaInAction.Shared.Integration\MediaInAction.Shared.Integration.csproj", "{8F849916-095A-4F37-A5A6-26BEDDF62590}"
EndProject
Project("{FAE04EC0-301F-11D3-BF4B-00C04F79EFBC}") = "MediaInAction.EmbyService.Application", "services\emby\src\MediaInAction.EmbyService.Application\MediaInAction.EmbyService.Application.csproj", "{92D03203-8975-4726-92AB-56A182F621D7}"
EndProject
Project("{FAE04EC0-301F-11D3-BF4B-00C04F79EFBC}") = "MediaInAction.EmbyService.Application.Contracts", "services\emby\src\MediaInAction.EmbyService.Application.Contracts\MediaInAction.EmbyService.Application.Contracts.csproj", "{35AE91DC-DDF4-4DB5-AEB2-76EBD9937CF0}"
EndProject
Project("{FAE04EC0-301F-11D3-BF4B-00C04F79EFBC}") = "MediaInAction.EmbyService.BackgroundWorkers", "services\emby\src\MediaInAction.EmbyService.BackgroundWorkers\MediaInAction.EmbyService.BackgroundWorkers.csproj", "{8C491F59-ECF6-40FC-989A-E62A6F2BD790}"
EndProject
Project("{FAE04EC0-301F-11D3-BF4B-00C04F79EFBC}") = "MediaInAction.EmbyService.Domain", "services\emby\src\MediaInAction.EmbyService.Domain\MediaInAction.EmbyService.Domain.csproj", "{82E0091F-9D84-4173-AB3F-6566B1EA546B}"
EndProject
Project("{FAE04EC0-301F-11D3-BF4B-00C04F79EFBC}") = "MediaInAction.EmbyService.HttpApi", "services\emby\src\MediaInAction.EmbyService.HttpApi\MediaInAction.EmbyService.HttpApi.csproj", "{D9B005D7-7283-43CA-B9FD-0728B94FE648}"
EndProject
Project("{FAE04EC0-301F-11D3-BF4B-00C04F79EFBC}") = "MediaInAction.EmbyService.Lib", "services\emby\src\MediaInAction.EmbyService.Lib\MediaInAction.EmbyService.Lib.csproj", "{AB2A8932-7821-40F0-9B5D-E884E58B839E}"
EndProject
Project("{FAE04EC0-301F-11D3-BF4B-00C04F79EFBC}") = "MediaInAction.EmbyService.Domain.Shared", "services\emby\src\MediaInAction.EmbyService.Domain.Shared\MediaInAction.EmbyService.Domain.Shared.csproj", "{3C794622-D587-4DD8-A6BA-896253D2AF2E}"
EndProject
Project("{FAE04EC0-301F-11D3-BF4B-00C04F79EFBC}") = "MediaInAction.EmbyService.MongoDb", "services\emby\src\MediaInAction.EmbyService.MongoDb\MediaInAction.EmbyService.MongoDb.csproj", "{CA923448-73E5-4629-B4E2-EBF52013C0BC}"
EndProject
Project("{FAE04EC0-301F-11D3-BF4B-00C04F79EFBC}") = "MediaInAction.EmbyService.HttpApi.Background.Host", "services\emby\src\MediaInAction.EmbyService.HttpApi.Background.Host\MediaInAction.EmbyService.HttpApi.Background.Host.csproj", "{85B9445B-E44C-4E5D-8938-E29E0C38142E}"
EndProject
Project("{FAE04EC0-301F-11D3-BF4B-00C04F79EFBC}") = "MediaInAction.FileService.HttpApi.Background.Host", "services\file\src\MediaInAction.FileService.HttpApi.Background.Host\MediaInAction.FileService.HttpApi.Background.Host.csproj", "{13A6124E-B416-4A36-910A-1D7621EAD12E}"
EndProject
Project("{FAE04EC0-301F-11D3-BF4B-00C04F79EFBC}") = "MediaInAction.FileService.BackgroundWorkers", "services\file\src\MediaInAction.FileService.BackgroundWorkers\MediaInAction.FileService.BackgroundWorkers.csproj", "{628A5F3F-56E3-440B-AC85-ED37DAAB6E4C}"
EndProject
Project("{FAE04EC0-301F-11D3-BF4B-00C04F79EFBC}") = "MediaInAction.FileService.Lib", "services\file\src\MediaInAction.FileService.Lib\MediaInAction.FileService.Lib.csproj", "{86BAA3D1-E5D5-49BF-B493-D5EDC008A959}"
EndProject
Project("{FAE04EC0-301F-11D3-BF4B-00C04F79EFBC}") = "MediaInAction.EmbyService.HttpApi.Host", "services\emby\src\MediaInAction.EmbyService.HttpApi.Host\MediaInAction.EmbyService.HttpApi.Host.csproj", "{BA889E85-19C8-4B5B-80D9-6E1651756943}"
EndProject
Project("{2150E333-8FDC-42A3-9474-1A3956D46DE8}") = "deluge", "deluge", "{13B283F3-B399-4C5D-924F-4337C28BC750}"
EndProject
Project("{FAE04EC0-301F-11D3-BF4B-00C04F79EFBC}") = "MediaInAction.DelugeService.Application", "services\deluge\src\MediaInAction.DelugeService.Application\MediaInAction.DelugeService.Application.csproj", "{95C35E08-F78F-41A8-9D50-EF241740EBD9}"
EndProject
Project("{FAE04EC0-301F-11D3-BF4B-00C04F79EFBC}") = "MediaInAction.DelugeService.Application.Contracts", "services\deluge\src\MediaInAction.DelugeService.Application.Contracts\MediaInAction.DelugeService.Application.Contracts.csproj", "{98ED0E3E-F16D-49A5-A065-908CB38703C0}"
EndProject
Project("{FAE04EC0-301F-11D3-BF4B-00C04F79EFBC}") = "MediaInAction.DelugeService.BackgroundWorkers", "services\deluge\src\MediaInAction.DelugeService.BackgroundWorkers\MediaInAction.DelugeService.BackgroundWorkers.csproj", "{2E0D69C3-65D3-48F5-97B0-91485E65BCAA}"
EndProject
Project("{FAE04EC0-301F-11D3-BF4B-00C04F79EFBC}") = "MediaInAction.DelugeService.Domain", "services\deluge\src\MediaInAction.DelugeService.Domain\MediaInAction.DelugeService.Domain.csproj", "{41A30B5E-2775-4000-8923-CF12DA29E287}"
EndProject
Project("{FAE04EC0-301F-11D3-BF4B-00C04F79EFBC}") = "MediaInAction.DelugeService.Domain.Shared", "services\deluge\src\MediaInAction.DelugeService.Domain.Shared\MediaInAction.DelugeService.Domain.Shared.csproj", "{6BC6F733-4797-413A-94C5-F26C7576FF58}"
EndProject
Project("{FAE04EC0-301F-11D3-BF4B-00C04F79EFBC}") = "MediaInAction.DelugeService.Lib", "services\deluge\src\MediaInAction.DelugeService.Lib\MediaInAction.DelugeService.Lib.csproj", "{DA76509A-EF36-42FE-B503-7245D693DF90}"
EndProject
Project("{FAE04EC0-301F-11D3-BF4B-00C04F79EFBC}") = "MediaInAction.DelugeService.HttpApi.Client", "services\deluge\src\MediaInAction.DelugeService.HttpApi.Client\MediaInAction.DelugeService.HttpApi.Client.csproj", "{82DA9164-7DF2-4155-80E6-E9502750AB0F}"
EndProject
Project("{FAE04EC0-301F-11D3-BF4B-00C04F79EFBC}") = "MediaInAction.DelugeService.HttpApi", "services\deluge\src\MediaInAction.DelugeService.HttpApi\MediaInAction.DelugeService.HttpApi.csproj", "{1A2CB220-F9EE-4570-AC2E-A385EE18FBFB}"
EndProject
Project("{FAE04EC0-301F-11D3-BF4B-00C04F79EFBC}") = "MediaInAction.DelugeService.MongoDb", "services\deluge\src\MediaInAction.DelugeService.MongoDb\MediaInAction.DelugeService.MongoDb.csproj", "{E5A264DD-ABAE-49CB-9F9D-54FE296BFAF1}"
EndProject
Project("{FAE04EC0-301F-11D3-BF4B-00C04F79EFBC}") = "MediaInAction.DelugeService.HttpApi.Host", "services\deluge\src\MediaInAction.DelugeService.HttpApi.Host\MediaInAction.DelugeService.HttpApi.Host.csproj", "{8D0DF11A-09B6-401D-928E-754D645B478E}"
EndProject
Project("{FAE04EC0-301F-11D3-BF4B-00C04F79EFBC}") = "MediaInAction.DelugeService.HttpApi.Background.Host", "services\deluge\src\MediaInAction.DelugeService.HttpApi.Background.Host\MediaInAction.DelugeService.HttpApi.Background.Host.csproj", "{9D43156A-F2BC-4AFB-A429-429DD1EB4B8A}"
EndProject
Project("{FAE04EC0-301F-11D3-BF4B-00C04F79EFBC}") = "MediaInAction.DelugeService.BackgroundJobs", "services\deluge\src\MediaInAction.DelugeService.BackgroundJobs\MediaInAction.DelugeService.BackgroundJobs.csproj", "{C1E2C33A-2062-4E64-9023-7061B96582DC}"
EndProject
Global
	GlobalSection(SolutionConfigurationPlatforms) = preSolution
		Debug|Any CPU = Debug|Any CPU
		Release|Any CPU = Release|Any CPU
	EndGlobalSection
	GlobalSection(ProjectConfigurationPlatforms) = postSolution
		{83E18AE5-35EF-4E3E-AB6F-C5A96F1FE7CF}.Debug|Any CPU.ActiveCfg = Debug|Any CPU
		{83E18AE5-35EF-4E3E-AB6F-C5A96F1FE7CF}.Debug|Any CPU.Build.0 = Debug|Any CPU
		{83E18AE5-35EF-4E3E-AB6F-C5A96F1FE7CF}.Release|Any CPU.ActiveCfg = Release|Any CPU
		{83E18AE5-35EF-4E3E-AB6F-C5A96F1FE7CF}.Release|Any CPU.Build.0 = Release|Any CPU
		{25F596CB-734B-4D22-BB9B-BF3FE4ED645C}.Debug|Any CPU.ActiveCfg = Debug|Any CPU
		{25F596CB-734B-4D22-BB9B-BF3FE4ED645C}.Debug|Any CPU.Build.0 = Debug|Any CPU
		{25F596CB-734B-4D22-BB9B-BF3FE4ED645C}.Release|Any CPU.ActiveCfg = Release|Any CPU
		{25F596CB-734B-4D22-BB9B-BF3FE4ED645C}.Release|Any CPU.Build.0 = Release|Any CPU
		{A630417B-1C25-4BAB-B1D3-22C627DF0008}.Debug|Any CPU.ActiveCfg = Debug|Any CPU
		{A630417B-1C25-4BAB-B1D3-22C627DF0008}.Debug|Any CPU.Build.0 = Debug|Any CPU
		{A630417B-1C25-4BAB-B1D3-22C627DF0008}.Release|Any CPU.ActiveCfg = Release|Any CPU
		{A630417B-1C25-4BAB-B1D3-22C627DF0008}.Release|Any CPU.Build.0 = Release|Any CPU
		{582CE0DB-2B91-4978-9AF8-B18C732D08B5}.Debug|Any CPU.ActiveCfg = Debug|Any CPU
		{582CE0DB-2B91-4978-9AF8-B18C732D08B5}.Debug|Any CPU.Build.0 = Debug|Any CPU
		{582CE0DB-2B91-4978-9AF8-B18C732D08B5}.Release|Any CPU.ActiveCfg = Release|Any CPU
		{582CE0DB-2B91-4978-9AF8-B18C732D08B5}.Release|Any CPU.Build.0 = Release|Any CPU
		{E41F937A-0FE1-4E55-B449-CABF5D42A093}.Debug|Any CPU.ActiveCfg = Debug|Any CPU
		{E41F937A-0FE1-4E55-B449-CABF5D42A093}.Debug|Any CPU.Build.0 = Debug|Any CPU
		{E41F937A-0FE1-4E55-B449-CABF5D42A093}.Release|Any CPU.ActiveCfg = Release|Any CPU
		{E41F937A-0FE1-4E55-B449-CABF5D42A093}.Release|Any CPU.Build.0 = Release|Any CPU
		{C08FF8C8-354D-40EC-A80C-AFCE36A88DF9}.Debug|Any CPU.ActiveCfg = Debug|Any CPU
		{C08FF8C8-354D-40EC-A80C-AFCE36A88DF9}.Debug|Any CPU.Build.0 = Debug|Any CPU
		{C08FF8C8-354D-40EC-A80C-AFCE36A88DF9}.Release|Any CPU.ActiveCfg = Release|Any CPU
		{C08FF8C8-354D-40EC-A80C-AFCE36A88DF9}.Release|Any CPU.Build.0 = Release|Any CPU
		{89A65776-2367-4855-8956-53322C2BF70B}.Debug|Any CPU.ActiveCfg = Debug|Any CPU
		{89A65776-2367-4855-8956-53322C2BF70B}.Debug|Any CPU.Build.0 = Debug|Any CPU
		{89A65776-2367-4855-8956-53322C2BF70B}.Release|Any CPU.ActiveCfg = Release|Any CPU
		{89A65776-2367-4855-8956-53322C2BF70B}.Release|Any CPU.Build.0 = Release|Any CPU
		{2C55D527-4E09-4FD6-B4C6-7EFDD457358F}.Debug|Any CPU.ActiveCfg = Debug|Any CPU
		{2C55D527-4E09-4FD6-B4C6-7EFDD457358F}.Debug|Any CPU.Build.0 = Debug|Any CPU
		{2C55D527-4E09-4FD6-B4C6-7EFDD457358F}.Release|Any CPU.ActiveCfg = Release|Any CPU
		{2C55D527-4E09-4FD6-B4C6-7EFDD457358F}.Release|Any CPU.Build.0 = Release|Any CPU
		{91B60054-9B37-476D-8894-2F91046CC53A}.Debug|Any CPU.ActiveCfg = Debug|Any CPU
		{91B60054-9B37-476D-8894-2F91046CC53A}.Debug|Any CPU.Build.0 = Debug|Any CPU
		{91B60054-9B37-476D-8894-2F91046CC53A}.Release|Any CPU.ActiveCfg = Release|Any CPU
		{91B60054-9B37-476D-8894-2F91046CC53A}.Release|Any CPU.Build.0 = Release|Any CPU
		{B9DC001F-BEE2-4E85-8E7E-B6B84298F0D5}.Debug|Any CPU.ActiveCfg = Debug|Any CPU
		{B9DC001F-BEE2-4E85-8E7E-B6B84298F0D5}.Debug|Any CPU.Build.0 = Debug|Any CPU
		{B9DC001F-BEE2-4E85-8E7E-B6B84298F0D5}.Release|Any CPU.ActiveCfg = Release|Any CPU
		{B9DC001F-BEE2-4E85-8E7E-B6B84298F0D5}.Release|Any CPU.Build.0 = Release|Any CPU
		{A0ECB336-8E44-46F4-B551-0595AF5B4D62}.Debug|Any CPU.ActiveCfg = Debug|Any CPU
		{A0ECB336-8E44-46F4-B551-0595AF5B4D62}.Debug|Any CPU.Build.0 = Debug|Any CPU
		{A0ECB336-8E44-46F4-B551-0595AF5B4D62}.Release|Any CPU.ActiveCfg = Release|Any CPU
		{A0ECB336-8E44-46F4-B551-0595AF5B4D62}.Release|Any CPU.Build.0 = Release|Any CPU
		{C51FAFAE-59FE-470D-BE49-B4CDB9DF934B}.Debug|Any CPU.ActiveCfg = Debug|Any CPU
		{C51FAFAE-59FE-470D-BE49-B4CDB9DF934B}.Debug|Any CPU.Build.0 = Debug|Any CPU
		{C51FAFAE-59FE-470D-BE49-B4CDB9DF934B}.Release|Any CPU.ActiveCfg = Release|Any CPU
		{C51FAFAE-59FE-470D-BE49-B4CDB9DF934B}.Release|Any CPU.Build.0 = Release|Any CPU
		{A6CE17C4-6991-45CC-9AD6-D0F5DA11CE64}.Debug|Any CPU.ActiveCfg = Debug|Any CPU
		{A6CE17C4-6991-45CC-9AD6-D0F5DA11CE64}.Debug|Any CPU.Build.0 = Debug|Any CPU
		{A6CE17C4-6991-45CC-9AD6-D0F5DA11CE64}.Release|Any CPU.ActiveCfg = Release|Any CPU
		{A6CE17C4-6991-45CC-9AD6-D0F5DA11CE64}.Release|Any CPU.Build.0 = Release|Any CPU
		{9C5BB7A5-63EB-4D63-9632-BEF22D22F780}.Debug|Any CPU.ActiveCfg = Debug|Any CPU
		{9C5BB7A5-63EB-4D63-9632-BEF22D22F780}.Debug|Any CPU.Build.0 = Debug|Any CPU
		{9C5BB7A5-63EB-4D63-9632-BEF22D22F780}.Release|Any CPU.ActiveCfg = Release|Any CPU
		{9C5BB7A5-63EB-4D63-9632-BEF22D22F780}.Release|Any CPU.Build.0 = Release|Any CPU
		{D3CD271A-F0C2-48A6-BD57-40D500B26645}.Debug|Any CPU.ActiveCfg = Debug|Any CPU
		{D3CD271A-F0C2-48A6-BD57-40D500B26645}.Debug|Any CPU.Build.0 = Debug|Any CPU
		{D3CD271A-F0C2-48A6-BD57-40D500B26645}.Release|Any CPU.ActiveCfg = Release|Any CPU
		{D3CD271A-F0C2-48A6-BD57-40D500B26645}.Release|Any CPU.Build.0 = Release|Any CPU
		{3A7CC445-7D7D-41E6-A115-EFFE3A225506}.Debug|Any CPU.ActiveCfg = Debug|Any CPU
		{3A7CC445-7D7D-41E6-A115-EFFE3A225506}.Debug|Any CPU.Build.0 = Debug|Any CPU
		{3A7CC445-7D7D-41E6-A115-EFFE3A225506}.Release|Any CPU.ActiveCfg = Release|Any CPU
		{3A7CC445-7D7D-41E6-A115-EFFE3A225506}.Release|Any CPU.Build.0 = Release|Any CPU
		{008E3685-0B2D-4CA7-891B-6C9EA313389C}.Debug|Any CPU.ActiveCfg = Debug|Any CPU
		{008E3685-0B2D-4CA7-891B-6C9EA313389C}.Debug|Any CPU.Build.0 = Debug|Any CPU
		{008E3685-0B2D-4CA7-891B-6C9EA313389C}.Release|Any CPU.ActiveCfg = Release|Any CPU
		{008E3685-0B2D-4CA7-891B-6C9EA313389C}.Release|Any CPU.Build.0 = Release|Any CPU
		{8F8E4839-1645-4E78-89C0-2F0870592B87}.Debug|Any CPU.ActiveCfg = Debug|Any CPU
		{8F8E4839-1645-4E78-89C0-2F0870592B87}.Debug|Any CPU.Build.0 = Debug|Any CPU
		{8F8E4839-1645-4E78-89C0-2F0870592B87}.Release|Any CPU.ActiveCfg = Release|Any CPU
		{8F8E4839-1645-4E78-89C0-2F0870592B87}.Release|Any CPU.Build.0 = Release|Any CPU
		{278FD9AB-AC3A-4424-841D-112CEABA78EE}.Debug|Any CPU.ActiveCfg = Debug|Any CPU
		{278FD9AB-AC3A-4424-841D-112CEABA78EE}.Debug|Any CPU.Build.0 = Debug|Any CPU
		{278FD9AB-AC3A-4424-841D-112CEABA78EE}.Release|Any CPU.ActiveCfg = Release|Any CPU
		{278FD9AB-AC3A-4424-841D-112CEABA78EE}.Release|Any CPU.Build.0 = Release|Any CPU
		{27AACE42-F715-4D1D-8C75-767AB550DB66}.Debug|Any CPU.ActiveCfg = Debug|Any CPU
		{27AACE42-F715-4D1D-8C75-767AB550DB66}.Debug|Any CPU.Build.0 = Debug|Any CPU
		{27AACE42-F715-4D1D-8C75-767AB550DB66}.Release|Any CPU.ActiveCfg = Release|Any CPU
		{27AACE42-F715-4D1D-8C75-767AB550DB66}.Release|Any CPU.Build.0 = Release|Any CPU
		{0907EAD1-4887-481D-84E0-A00D8002B975}.Debug|Any CPU.ActiveCfg = Debug|Any CPU
		{0907EAD1-4887-481D-84E0-A00D8002B975}.Debug|Any CPU.Build.0 = Debug|Any CPU
		{0907EAD1-4887-481D-84E0-A00D8002B975}.Release|Any CPU.ActiveCfg = Release|Any CPU
		{0907EAD1-4887-481D-84E0-A00D8002B975}.Release|Any CPU.Build.0 = Release|Any CPU
		{0F8CB7E5-D487-4B49-BA7A-6AEE5A4571B3}.Debug|Any CPU.ActiveCfg = Debug|Any CPU
		{0F8CB7E5-D487-4B49-BA7A-6AEE5A4571B3}.Debug|Any CPU.Build.0 = Debug|Any CPU
		{0F8CB7E5-D487-4B49-BA7A-6AEE5A4571B3}.Release|Any CPU.ActiveCfg = Release|Any CPU
		{0F8CB7E5-D487-4B49-BA7A-6AEE5A4571B3}.Release|Any CPU.Build.0 = Release|Any CPU
		{F1717DD6-7DFB-48A1-9F40-C8E2337F2EDA}.Debug|Any CPU.ActiveCfg = Debug|Any CPU
		{F1717DD6-7DFB-48A1-9F40-C8E2337F2EDA}.Debug|Any CPU.Build.0 = Debug|Any CPU
		{F1717DD6-7DFB-48A1-9F40-C8E2337F2EDA}.Release|Any CPU.ActiveCfg = Release|Any CPU
		{F1717DD6-7DFB-48A1-9F40-C8E2337F2EDA}.Release|Any CPU.Build.0 = Release|Any CPU
		{6EE5A6DB-9F9C-4074-96E4-16580BBD8521}.Debug|Any CPU.ActiveCfg = Debug|Any CPU
		{6EE5A6DB-9F9C-4074-96E4-16580BBD8521}.Debug|Any CPU.Build.0 = Debug|Any CPU
		{6EE5A6DB-9F9C-4074-96E4-16580BBD8521}.Release|Any CPU.ActiveCfg = Release|Any CPU
		{6EE5A6DB-9F9C-4074-96E4-16580BBD8521}.Release|Any CPU.Build.0 = Release|Any CPU
		{B3BE5F96-C856-4AED-BB0F-F2B7B9C9BE95}.Debug|Any CPU.ActiveCfg = Debug|Any CPU
		{B3BE5F96-C856-4AED-BB0F-F2B7B9C9BE95}.Debug|Any CPU.Build.0 = Debug|Any CPU
		{B3BE5F96-C856-4AED-BB0F-F2B7B9C9BE95}.Release|Any CPU.ActiveCfg = Release|Any CPU
		{B3BE5F96-C856-4AED-BB0F-F2B7B9C9BE95}.Release|Any CPU.Build.0 = Release|Any CPU
		{DF0B23CC-E437-4ADB-8692-B0952C9373DC}.Debug|Any CPU.ActiveCfg = Debug|Any CPU
		{DF0B23CC-E437-4ADB-8692-B0952C9373DC}.Debug|Any CPU.Build.0 = Debug|Any CPU
		{DF0B23CC-E437-4ADB-8692-B0952C9373DC}.Release|Any CPU.ActiveCfg = Release|Any CPU
		{DF0B23CC-E437-4ADB-8692-B0952C9373DC}.Release|Any CPU.Build.0 = Release|Any CPU
		{EB21A05E-8172-49F3-AC15-2BDABF9C3ABB}.Debug|Any CPU.ActiveCfg = Debug|Any CPU
		{EB21A05E-8172-49F3-AC15-2BDABF9C3ABB}.Debug|Any CPU.Build.0 = Debug|Any CPU
		{EB21A05E-8172-49F3-AC15-2BDABF9C3ABB}.Release|Any CPU.ActiveCfg = Release|Any CPU
		{EB21A05E-8172-49F3-AC15-2BDABF9C3ABB}.Release|Any CPU.Build.0 = Release|Any CPU
		{C0D5904B-23AC-4A2C-AB04-2441AAD608CF}.Debug|Any CPU.ActiveCfg = Debug|Any CPU
		{C0D5904B-23AC-4A2C-AB04-2441AAD608CF}.Debug|Any CPU.Build.0 = Debug|Any CPU
		{C0D5904B-23AC-4A2C-AB04-2441AAD608CF}.Release|Any CPU.ActiveCfg = Release|Any CPU
		{C0D5904B-23AC-4A2C-AB04-2441AAD608CF}.Release|Any CPU.Build.0 = Release|Any CPU
		{D50BBF73-8D43-4CE9-9019-EB97307B07DE}.Debug|Any CPU.ActiveCfg = Debug|Any CPU
		{D50BBF73-8D43-4CE9-9019-EB97307B07DE}.Debug|Any CPU.Build.0 = Debug|Any CPU
		{D50BBF73-8D43-4CE9-9019-EB97307B07DE}.Release|Any CPU.ActiveCfg = Release|Any CPU
		{D50BBF73-8D43-4CE9-9019-EB97307B07DE}.Release|Any CPU.Build.0 = Release|Any CPU
		{959C8690-6BC3-404C-86C9-24CB42974B93}.Debug|Any CPU.ActiveCfg = Debug|Any CPU
		{959C8690-6BC3-404C-86C9-24CB42974B93}.Debug|Any CPU.Build.0 = Debug|Any CPU
		{959C8690-6BC3-404C-86C9-24CB42974B93}.Release|Any CPU.ActiveCfg = Release|Any CPU
		{959C8690-6BC3-404C-86C9-24CB42974B93}.Release|Any CPU.Build.0 = Release|Any CPU
		{557EB04E-EC37-4092-8F69-E0F85DBBDB09}.Debug|Any CPU.ActiveCfg = Debug|Any CPU
		{557EB04E-EC37-4092-8F69-E0F85DBBDB09}.Debug|Any CPU.Build.0 = Debug|Any CPU
		{557EB04E-EC37-4092-8F69-E0F85DBBDB09}.Release|Any CPU.ActiveCfg = Release|Any CPU
		{557EB04E-EC37-4092-8F69-E0F85DBBDB09}.Release|Any CPU.Build.0 = Release|Any CPU
		{00BCD597-95BA-4557-AF95-C173CE000A4B}.Debug|Any CPU.ActiveCfg = Debug|Any CPU
		{00BCD597-95BA-4557-AF95-C173CE000A4B}.Debug|Any CPU.Build.0 = Debug|Any CPU
		{00BCD597-95BA-4557-AF95-C173CE000A4B}.Release|Any CPU.ActiveCfg = Release|Any CPU
		{00BCD597-95BA-4557-AF95-C173CE000A4B}.Release|Any CPU.Build.0 = Release|Any CPU
		{A7892638-3302-411B-A7CF-3CCD3D824482}.Debug|Any CPU.ActiveCfg = Debug|Any CPU
		{A7892638-3302-411B-A7CF-3CCD3D824482}.Debug|Any CPU.Build.0 = Debug|Any CPU
		{A7892638-3302-411B-A7CF-3CCD3D824482}.Release|Any CPU.ActiveCfg = Release|Any CPU
		{A7892638-3302-411B-A7CF-3CCD3D824482}.Release|Any CPU.Build.0 = Release|Any CPU
		{D9FEC049-0F2E-4A99-B036-DBBFB37BDA78}.Debug|Any CPU.ActiveCfg = Debug|Any CPU
		{D9FEC049-0F2E-4A99-B036-DBBFB37BDA78}.Debug|Any CPU.Build.0 = Debug|Any CPU
		{D9FEC049-0F2E-4A99-B036-DBBFB37BDA78}.Release|Any CPU.ActiveCfg = Release|Any CPU
		{D9FEC049-0F2E-4A99-B036-DBBFB37BDA78}.Release|Any CPU.Build.0 = Release|Any CPU
		{56014ACD-A499-4509-AAA6-420BCDB4736A}.Debug|Any CPU.ActiveCfg = Debug|Any CPU
		{56014ACD-A499-4509-AAA6-420BCDB4736A}.Debug|Any CPU.Build.0 = Debug|Any CPU
		{56014ACD-A499-4509-AAA6-420BCDB4736A}.Release|Any CPU.ActiveCfg = Release|Any CPU
		{56014ACD-A499-4509-AAA6-420BCDB4736A}.Release|Any CPU.Build.0 = Release|Any CPU
		{6DB2B0D1-904A-4A69-9944-E488FA7A99A5}.Debug|Any CPU.ActiveCfg = Debug|Any CPU
		{6DB2B0D1-904A-4A69-9944-E488FA7A99A5}.Debug|Any CPU.Build.0 = Debug|Any CPU
		{6DB2B0D1-904A-4A69-9944-E488FA7A99A5}.Release|Any CPU.ActiveCfg = Release|Any CPU
		{6DB2B0D1-904A-4A69-9944-E488FA7A99A5}.Release|Any CPU.Build.0 = Release|Any CPU
		{32BB7AF2-26DA-400A-863A-CA8D31A51F8E}.Debug|Any CPU.ActiveCfg = Debug|Any CPU
		{32BB7AF2-26DA-400A-863A-CA8D31A51F8E}.Debug|Any CPU.Build.0 = Debug|Any CPU
		{32BB7AF2-26DA-400A-863A-CA8D31A51F8E}.Release|Any CPU.ActiveCfg = Release|Any CPU
		{32BB7AF2-26DA-400A-863A-CA8D31A51F8E}.Release|Any CPU.Build.0 = Release|Any CPU
		{BA540DCC-243E-464C-B86C-03CA47780EA6}.Debug|Any CPU.ActiveCfg = Debug|Any CPU
		{BA540DCC-243E-464C-B86C-03CA47780EA6}.Debug|Any CPU.Build.0 = Debug|Any CPU
		{BA540DCC-243E-464C-B86C-03CA47780EA6}.Release|Any CPU.ActiveCfg = Release|Any CPU
		{BA540DCC-243E-464C-B86C-03CA47780EA6}.Release|Any CPU.Build.0 = Release|Any CPU
		{6BA29CB7-2C2F-447A-808F-DD14B84A483E}.Debug|Any CPU.ActiveCfg = Debug|Any CPU
		{6BA29CB7-2C2F-447A-808F-DD14B84A483E}.Debug|Any CPU.Build.0 = Debug|Any CPU
		{6BA29CB7-2C2F-447A-808F-DD14B84A483E}.Release|Any CPU.ActiveCfg = Release|Any CPU
		{6BA29CB7-2C2F-447A-808F-DD14B84A483E}.Release|Any CPU.Build.0 = Release|Any CPU
		{1B8AFDE6-3CDD-467F-B51E-4ADA1B3EAB25}.Debug|Any CPU.ActiveCfg = Debug|Any CPU
		{1B8AFDE6-3CDD-467F-B51E-4ADA1B3EAB25}.Debug|Any CPU.Build.0 = Debug|Any CPU
		{1B8AFDE6-3CDD-467F-B51E-4ADA1B3EAB25}.Release|Any CPU.ActiveCfg = Release|Any CPU
		{1B8AFDE6-3CDD-467F-B51E-4ADA1B3EAB25}.Release|Any CPU.Build.0 = Release|Any CPU
		{A9CFDCD5-BB21-430C-A405-1A940ECFD994}.Debug|Any CPU.ActiveCfg = Debug|Any CPU
		{A9CFDCD5-BB21-430C-A405-1A940ECFD994}.Debug|Any CPU.Build.0 = Debug|Any CPU
		{A9CFDCD5-BB21-430C-A405-1A940ECFD994}.Release|Any CPU.ActiveCfg = Release|Any CPU
		{A9CFDCD5-BB21-430C-A405-1A940ECFD994}.Release|Any CPU.Build.0 = Release|Any CPU
		{1CBC3C02-3DC6-432D-A0E0-F7B2FA2D56BC}.Debug|Any CPU.ActiveCfg = Debug|Any CPU
		{1CBC3C02-3DC6-432D-A0E0-F7B2FA2D56BC}.Debug|Any CPU.Build.0 = Debug|Any CPU
		{1CBC3C02-3DC6-432D-A0E0-F7B2FA2D56BC}.Release|Any CPU.ActiveCfg = Release|Any CPU
		{1CBC3C02-3DC6-432D-A0E0-F7B2FA2D56BC}.Release|Any CPU.Build.0 = Release|Any CPU
		{B6E8F384-096B-45FF-9308-F34796C785A3}.Debug|Any CPU.ActiveCfg = Debug|Any CPU
		{B6E8F384-096B-45FF-9308-F34796C785A3}.Debug|Any CPU.Build.0 = Debug|Any CPU
		{B6E8F384-096B-45FF-9308-F34796C785A3}.Release|Any CPU.ActiveCfg = Release|Any CPU
		{B6E8F384-096B-45FF-9308-F34796C785A3}.Release|Any CPU.Build.0 = Release|Any CPU
		{28704B13-A17F-4FB5-ADCD-A8EACA7DA8F5}.Debug|Any CPU.ActiveCfg = Debug|Any CPU
		{28704B13-A17F-4FB5-ADCD-A8EACA7DA8F5}.Debug|Any CPU.Build.0 = Debug|Any CPU
		{28704B13-A17F-4FB5-ADCD-A8EACA7DA8F5}.Release|Any CPU.ActiveCfg = Release|Any CPU
		{28704B13-A17F-4FB5-ADCD-A8EACA7DA8F5}.Release|Any CPU.Build.0 = Release|Any CPU
		{4AB3B58C-6AE7-48AF-9BC1-59ECF7C4BEC3}.Debug|Any CPU.ActiveCfg = Debug|Any CPU
		{4AB3B58C-6AE7-48AF-9BC1-59ECF7C4BEC3}.Debug|Any CPU.Build.0 = Debug|Any CPU
		{4AB3B58C-6AE7-48AF-9BC1-59ECF7C4BEC3}.Release|Any CPU.ActiveCfg = Release|Any CPU
		{4AB3B58C-6AE7-48AF-9BC1-59ECF7C4BEC3}.Release|Any CPU.Build.0 = Release|Any CPU
		{9486FC61-C734-4238-A232-AA766529D1B5}.Debug|Any CPU.ActiveCfg = Debug|Any CPU
		{9486FC61-C734-4238-A232-AA766529D1B5}.Debug|Any CPU.Build.0 = Debug|Any CPU
		{9486FC61-C734-4238-A232-AA766529D1B5}.Release|Any CPU.ActiveCfg = Release|Any CPU
		{9486FC61-C734-4238-A232-AA766529D1B5}.Release|Any CPU.Build.0 = Release|Any CPU
		{ABA12F0C-0129-4F00-8B61-5119B4A49BEB}.Debug|Any CPU.ActiveCfg = Debug|Any CPU
		{ABA12F0C-0129-4F00-8B61-5119B4A49BEB}.Debug|Any CPU.Build.0 = Debug|Any CPU
		{ABA12F0C-0129-4F00-8B61-5119B4A49BEB}.Release|Any CPU.ActiveCfg = Release|Any CPU
		{ABA12F0C-0129-4F00-8B61-5119B4A49BEB}.Release|Any CPU.Build.0 = Release|Any CPU
		{2F014740-030C-4D47-B4E6-05FEDDB83A34}.Debug|Any CPU.ActiveCfg = Debug|Any CPU
		{2F014740-030C-4D47-B4E6-05FEDDB83A34}.Debug|Any CPU.Build.0 = Debug|Any CPU
		{2F014740-030C-4D47-B4E6-05FEDDB83A34}.Release|Any CPU.ActiveCfg = Release|Any CPU
		{2F014740-030C-4D47-B4E6-05FEDDB83A34}.Release|Any CPU.Build.0 = Release|Any CPU
		{38584F6A-CC79-476D-B83C-B0A9C33613D9}.Debug|Any CPU.ActiveCfg = Debug|Any CPU
		{38584F6A-CC79-476D-B83C-B0A9C33613D9}.Debug|Any CPU.Build.0 = Debug|Any CPU
		{38584F6A-CC79-476D-B83C-B0A9C33613D9}.Release|Any CPU.ActiveCfg = Release|Any CPU
		{38584F6A-CC79-476D-B83C-B0A9C33613D9}.Release|Any CPU.Build.0 = Release|Any CPU
		{C4FA39C5-64A7-41DD-87AE-B3C528723B43}.Debug|Any CPU.ActiveCfg = Debug|Any CPU
		{C4FA39C5-64A7-41DD-87AE-B3C528723B43}.Debug|Any CPU.Build.0 = Debug|Any CPU
		{C4FA39C5-64A7-41DD-87AE-B3C528723B43}.Release|Any CPU.ActiveCfg = Release|Any CPU
		{C4FA39C5-64A7-41DD-87AE-B3C528723B43}.Release|Any CPU.Build.0 = Release|Any CPU
		{DF6CDF41-137E-4F6E-B8FA-6BE7458C066A}.Debug|Any CPU.ActiveCfg = Debug|Any CPU
		{DF6CDF41-137E-4F6E-B8FA-6BE7458C066A}.Debug|Any CPU.Build.0 = Debug|Any CPU
		{DF6CDF41-137E-4F6E-B8FA-6BE7458C066A}.Release|Any CPU.ActiveCfg = Release|Any CPU
		{DF6CDF41-137E-4F6E-B8FA-6BE7458C066A}.Release|Any CPU.Build.0 = Release|Any CPU
		{00948A9A-5BAA-499D-A6BF-8DD683415413}.Debug|Any CPU.ActiveCfg = Debug|Any CPU
		{00948A9A-5BAA-499D-A6BF-8DD683415413}.Debug|Any CPU.Build.0 = Debug|Any CPU
		{00948A9A-5BAA-499D-A6BF-8DD683415413}.Release|Any CPU.ActiveCfg = Release|Any CPU
		{00948A9A-5BAA-499D-A6BF-8DD683415413}.Release|Any CPU.Build.0 = Release|Any CPU
		{FCE4AA52-6127-4C10-B920-FD31E7B2E840}.Debug|Any CPU.ActiveCfg = Debug|Any CPU
		{FCE4AA52-6127-4C10-B920-FD31E7B2E840}.Debug|Any CPU.Build.0 = Debug|Any CPU
		{FCE4AA52-6127-4C10-B920-FD31E7B2E840}.Release|Any CPU.ActiveCfg = Release|Any CPU
		{FCE4AA52-6127-4C10-B920-FD31E7B2E840}.Release|Any CPU.Build.0 = Release|Any CPU
		{3C23AA94-7F3D-446C-9BE2-8C48EA43922F}.Debug|Any CPU.ActiveCfg = Debug|Any CPU
		{3C23AA94-7F3D-446C-9BE2-8C48EA43922F}.Debug|Any CPU.Build.0 = Debug|Any CPU
		{3C23AA94-7F3D-446C-9BE2-8C48EA43922F}.Release|Any CPU.ActiveCfg = Release|Any CPU
		{3C23AA94-7F3D-446C-9BE2-8C48EA43922F}.Release|Any CPU.Build.0 = Release|Any CPU
		{88DAABBD-CA2A-4F5F-AA16-1145913D6E39}.Debug|Any CPU.ActiveCfg = Debug|Any CPU
		{88DAABBD-CA2A-4F5F-AA16-1145913D6E39}.Debug|Any CPU.Build.0 = Debug|Any CPU
		{88DAABBD-CA2A-4F5F-AA16-1145913D6E39}.Release|Any CPU.ActiveCfg = Release|Any CPU
		{88DAABBD-CA2A-4F5F-AA16-1145913D6E39}.Release|Any CPU.Build.0 = Release|Any CPU
		{54371996-4CDB-436B-8B30-D44158E91EE5}.Debug|Any CPU.ActiveCfg = Debug|Any CPU
		{54371996-4CDB-436B-8B30-D44158E91EE5}.Debug|Any CPU.Build.0 = Debug|Any CPU
		{54371996-4CDB-436B-8B30-D44158E91EE5}.Release|Any CPU.ActiveCfg = Release|Any CPU
		{54371996-4CDB-436B-8B30-D44158E91EE5}.Release|Any CPU.Build.0 = Release|Any CPU
		{54054713-DDE7-417F-8136-07B6C5BF82AC}.Debug|Any CPU.ActiveCfg = Debug|Any CPU
		{54054713-DDE7-417F-8136-07B6C5BF82AC}.Debug|Any CPU.Build.0 = Debug|Any CPU
		{54054713-DDE7-417F-8136-07B6C5BF82AC}.Release|Any CPU.ActiveCfg = Release|Any CPU
		{54054713-DDE7-417F-8136-07B6C5BF82AC}.Release|Any CPU.Build.0 = Release|Any CPU
		{EC861270-D458-4779-B012-A771BF8BB3FD}.Debug|Any CPU.ActiveCfg = Debug|Any CPU
		{EC861270-D458-4779-B012-A771BF8BB3FD}.Debug|Any CPU.Build.0 = Debug|Any CPU
		{EC861270-D458-4779-B012-A771BF8BB3FD}.Release|Any CPU.ActiveCfg = Release|Any CPU
		{EC861270-D458-4779-B012-A771BF8BB3FD}.Release|Any CPU.Build.0 = Release|Any CPU
		{15374DEB-499A-4992-BC02-F342BF6C9FB2}.Debug|Any CPU.ActiveCfg = Debug|Any CPU
		{15374DEB-499A-4992-BC02-F342BF6C9FB2}.Debug|Any CPU.Build.0 = Debug|Any CPU
		{15374DEB-499A-4992-BC02-F342BF6C9FB2}.Release|Any CPU.ActiveCfg = Release|Any CPU
		{15374DEB-499A-4992-BC02-F342BF6C9FB2}.Release|Any CPU.Build.0 = Release|Any CPU
		{FFE927FD-A580-4926-BDCE-67D521B66B16}.Debug|Any CPU.ActiveCfg = Debug|Any CPU
		{FFE927FD-A580-4926-BDCE-67D521B66B16}.Debug|Any CPU.Build.0 = Debug|Any CPU
		{FFE927FD-A580-4926-BDCE-67D521B66B16}.Release|Any CPU.ActiveCfg = Release|Any CPU
		{FFE927FD-A580-4926-BDCE-67D521B66B16}.Release|Any CPU.Build.0 = Release|Any CPU
		{FCD65CD0-CD58-49D2-867E-639294B886C7}.Debug|Any CPU.ActiveCfg = Debug|Any CPU
		{FCD65CD0-CD58-49D2-867E-639294B886C7}.Debug|Any CPU.Build.0 = Debug|Any CPU
		{FCD65CD0-CD58-49D2-867E-639294B886C7}.Release|Any CPU.ActiveCfg = Release|Any CPU
		{FCD65CD0-CD58-49D2-867E-639294B886C7}.Release|Any CPU.Build.0 = Release|Any CPU
		{1827C28C-90BE-416C-BFD0-C94341F5FE10}.Debug|Any CPU.ActiveCfg = Debug|Any CPU
		{1827C28C-90BE-416C-BFD0-C94341F5FE10}.Debug|Any CPU.Build.0 = Debug|Any CPU
		{1827C28C-90BE-416C-BFD0-C94341F5FE10}.Release|Any CPU.ActiveCfg = Release|Any CPU
		{1827C28C-90BE-416C-BFD0-C94341F5FE10}.Release|Any CPU.Build.0 = Release|Any CPU
		{FED8219C-03DB-4983-8B03-DF17D5D17C1B}.Debug|Any CPU.ActiveCfg = Debug|Any CPU
		{FED8219C-03DB-4983-8B03-DF17D5D17C1B}.Debug|Any CPU.Build.0 = Debug|Any CPU
		{FED8219C-03DB-4983-8B03-DF17D5D17C1B}.Release|Any CPU.ActiveCfg = Release|Any CPU
		{FED8219C-03DB-4983-8B03-DF17D5D17C1B}.Release|Any CPU.Build.0 = Release|Any CPU
		{FACDC349-0F34-4980-ABA3-2E1F52625E0A}.Debug|Any CPU.ActiveCfg = Debug|Any CPU
		{FACDC349-0F34-4980-ABA3-2E1F52625E0A}.Debug|Any CPU.Build.0 = Debug|Any CPU
		{FACDC349-0F34-4980-ABA3-2E1F52625E0A}.Release|Any CPU.ActiveCfg = Release|Any CPU
		{FACDC349-0F34-4980-ABA3-2E1F52625E0A}.Release|Any CPU.Build.0 = Release|Any CPU
		{A8071B3A-4553-459D-948D-95C96427ECD3}.Debug|Any CPU.ActiveCfg = Debug|Any CPU
		{A8071B3A-4553-459D-948D-95C96427ECD3}.Debug|Any CPU.Build.0 = Debug|Any CPU
		{A8071B3A-4553-459D-948D-95C96427ECD3}.Release|Any CPU.ActiveCfg = Release|Any CPU
		{A8071B3A-4553-459D-948D-95C96427ECD3}.Release|Any CPU.Build.0 = Release|Any CPU
		{1CA6B817-3CF3-401C-96D9-5616A0E8358F}.Debug|Any CPU.ActiveCfg = Debug|Any CPU
		{1CA6B817-3CF3-401C-96D9-5616A0E8358F}.Debug|Any CPU.Build.0 = Debug|Any CPU
		{1CA6B817-3CF3-401C-96D9-5616A0E8358F}.Release|Any CPU.ActiveCfg = Release|Any CPU
		{1CA6B817-3CF3-401C-96D9-5616A0E8358F}.Release|Any CPU.Build.0 = Release|Any CPU
		{7507F865-6446-44C7-BE21-EB3F0705E3DC}.Debug|Any CPU.ActiveCfg = Debug|Any CPU
		{7507F865-6446-44C7-BE21-EB3F0705E3DC}.Debug|Any CPU.Build.0 = Debug|Any CPU
		{7507F865-6446-44C7-BE21-EB3F0705E3DC}.Release|Any CPU.ActiveCfg = Release|Any CPU
		{7507F865-6446-44C7-BE21-EB3F0705E3DC}.Release|Any CPU.Build.0 = Release|Any CPU
		{B2C972C1-A5E8-4D1E-BF70-21063EE71886}.Debug|Any CPU.ActiveCfg = Debug|Any CPU
		{B2C972C1-A5E8-4D1E-BF70-21063EE71886}.Debug|Any CPU.Build.0 = Debug|Any CPU
		{B2C972C1-A5E8-4D1E-BF70-21063EE71886}.Release|Any CPU.ActiveCfg = Release|Any CPU
		{B2C972C1-A5E8-4D1E-BF70-21063EE71886}.Release|Any CPU.Build.0 = Release|Any CPU
		{172E1F27-B17B-42E7-9FF0-539CB3D61C3C}.Debug|Any CPU.ActiveCfg = Debug|Any CPU
		{172E1F27-B17B-42E7-9FF0-539CB3D61C3C}.Debug|Any CPU.Build.0 = Debug|Any CPU
		{172E1F27-B17B-42E7-9FF0-539CB3D61C3C}.Release|Any CPU.ActiveCfg = Release|Any CPU
		{172E1F27-B17B-42E7-9FF0-539CB3D61C3C}.Release|Any CPU.Build.0 = Release|Any CPU
		{8F849916-095A-4F37-A5A6-26BEDDF62590}.Debug|Any CPU.ActiveCfg = Debug|Any CPU
		{8F849916-095A-4F37-A5A6-26BEDDF62590}.Debug|Any CPU.Build.0 = Debug|Any CPU
		{8F849916-095A-4F37-A5A6-26BEDDF62590}.Release|Any CPU.ActiveCfg = Release|Any CPU
		{8F849916-095A-4F37-A5A6-26BEDDF62590}.Release|Any CPU.Build.0 = Release|Any CPU
		{92D03203-8975-4726-92AB-56A182F621D7}.Debug|Any CPU.ActiveCfg = Debug|Any CPU
		{92D03203-8975-4726-92AB-56A182F621D7}.Debug|Any CPU.Build.0 = Debug|Any CPU
		{92D03203-8975-4726-92AB-56A182F621D7}.Release|Any CPU.ActiveCfg = Release|Any CPU
		{92D03203-8975-4726-92AB-56A182F621D7}.Release|Any CPU.Build.0 = Release|Any CPU
		{35AE91DC-DDF4-4DB5-AEB2-76EBD9937CF0}.Debug|Any CPU.ActiveCfg = Debug|Any CPU
		{35AE91DC-DDF4-4DB5-AEB2-76EBD9937CF0}.Debug|Any CPU.Build.0 = Debug|Any CPU
		{35AE91DC-DDF4-4DB5-AEB2-76EBD9937CF0}.Release|Any CPU.ActiveCfg = Release|Any CPU
		{35AE91DC-DDF4-4DB5-AEB2-76EBD9937CF0}.Release|Any CPU.Build.0 = Release|Any CPU
		{8C491F59-ECF6-40FC-989A-E62A6F2BD790}.Debug|Any CPU.ActiveCfg = Debug|Any CPU
		{8C491F59-ECF6-40FC-989A-E62A6F2BD790}.Debug|Any CPU.Build.0 = Debug|Any CPU
		{8C491F59-ECF6-40FC-989A-E62A6F2BD790}.Release|Any CPU.ActiveCfg = Release|Any CPU
		{8C491F59-ECF6-40FC-989A-E62A6F2BD790}.Release|Any CPU.Build.0 = Release|Any CPU
		{82E0091F-9D84-4173-AB3F-6566B1EA546B}.Debug|Any CPU.ActiveCfg = Debug|Any CPU
		{82E0091F-9D84-4173-AB3F-6566B1EA546B}.Debug|Any CPU.Build.0 = Debug|Any CPU
		{82E0091F-9D84-4173-AB3F-6566B1EA546B}.Release|Any CPU.ActiveCfg = Release|Any CPU
		{82E0091F-9D84-4173-AB3F-6566B1EA546B}.Release|Any CPU.Build.0 = Release|Any CPU
		{D9B005D7-7283-43CA-B9FD-0728B94FE648}.Debug|Any CPU.ActiveCfg = Debug|Any CPU
		{D9B005D7-7283-43CA-B9FD-0728B94FE648}.Debug|Any CPU.Build.0 = Debug|Any CPU
		{D9B005D7-7283-43CA-B9FD-0728B94FE648}.Release|Any CPU.ActiveCfg = Release|Any CPU
		{D9B005D7-7283-43CA-B9FD-0728B94FE648}.Release|Any CPU.Build.0 = Release|Any CPU
		{AB2A8932-7821-40F0-9B5D-E884E58B839E}.Debug|Any CPU.ActiveCfg = Debug|Any CPU
		{AB2A8932-7821-40F0-9B5D-E884E58B839E}.Debug|Any CPU.Build.0 = Debug|Any CPU
		{AB2A8932-7821-40F0-9B5D-E884E58B839E}.Release|Any CPU.ActiveCfg = Release|Any CPU
		{AB2A8932-7821-40F0-9B5D-E884E58B839E}.Release|Any CPU.Build.0 = Release|Any CPU
		{3C794622-D587-4DD8-A6BA-896253D2AF2E}.Debug|Any CPU.ActiveCfg = Debug|Any CPU
		{3C794622-D587-4DD8-A6BA-896253D2AF2E}.Debug|Any CPU.Build.0 = Debug|Any CPU
		{3C794622-D587-4DD8-A6BA-896253D2AF2E}.Release|Any CPU.ActiveCfg = Release|Any CPU
		{3C794622-D587-4DD8-A6BA-896253D2AF2E}.Release|Any CPU.Build.0 = Release|Any CPU
		{CA923448-73E5-4629-B4E2-EBF52013C0BC}.Debug|Any CPU.ActiveCfg = Debug|Any CPU
		{CA923448-73E5-4629-B4E2-EBF52013C0BC}.Debug|Any CPU.Build.0 = Debug|Any CPU
		{CA923448-73E5-4629-B4E2-EBF52013C0BC}.Release|Any CPU.ActiveCfg = Release|Any CPU
		{CA923448-73E5-4629-B4E2-EBF52013C0BC}.Release|Any CPU.Build.0 = Release|Any CPU
		{85B9445B-E44C-4E5D-8938-E29E0C38142E}.Debug|Any CPU.ActiveCfg = Debug|Any CPU
		{85B9445B-E44C-4E5D-8938-E29E0C38142E}.Debug|Any CPU.Build.0 = Debug|Any CPU
		{85B9445B-E44C-4E5D-8938-E29E0C38142E}.Release|Any CPU.ActiveCfg = Release|Any CPU
		{85B9445B-E44C-4E5D-8938-E29E0C38142E}.Release|Any CPU.Build.0 = Release|Any CPU
		{13A6124E-B416-4A36-910A-1D7621EAD12E}.Debug|Any CPU.ActiveCfg = Debug|Any CPU
		{13A6124E-B416-4A36-910A-1D7621EAD12E}.Debug|Any CPU.Build.0 = Debug|Any CPU
		{13A6124E-B416-4A36-910A-1D7621EAD12E}.Release|Any CPU.ActiveCfg = Release|Any CPU
		{13A6124E-B416-4A36-910A-1D7621EAD12E}.Release|Any CPU.Build.0 = Release|Any CPU
		{628A5F3F-56E3-440B-AC85-ED37DAAB6E4C}.Debug|Any CPU.ActiveCfg = Debug|Any CPU
		{628A5F3F-56E3-440B-AC85-ED37DAAB6E4C}.Debug|Any CPU.Build.0 = Debug|Any CPU
		{628A5F3F-56E3-440B-AC85-ED37DAAB6E4C}.Release|Any CPU.ActiveCfg = Release|Any CPU
		{628A5F3F-56E3-440B-AC85-ED37DAAB6E4C}.Release|Any CPU.Build.0 = Release|Any CPU
		{86BAA3D1-E5D5-49BF-B493-D5EDC008A959}.Debug|Any CPU.ActiveCfg = Debug|Any CPU
		{86BAA3D1-E5D5-49BF-B493-D5EDC008A959}.Debug|Any CPU.Build.0 = Debug|Any CPU
		{86BAA3D1-E5D5-49BF-B493-D5EDC008A959}.Release|Any CPU.ActiveCfg = Release|Any CPU
		{86BAA3D1-E5D5-49BF-B493-D5EDC008A959}.Release|Any CPU.Build.0 = Release|Any CPU
		{BA889E85-19C8-4B5B-80D9-6E1651756943}.Debug|Any CPU.ActiveCfg = Debug|Any CPU
		{BA889E85-19C8-4B5B-80D9-6E1651756943}.Debug|Any CPU.Build.0 = Debug|Any CPU
		{BA889E85-19C8-4B5B-80D9-6E1651756943}.Release|Any CPU.ActiveCfg = Release|Any CPU
		{BA889E85-19C8-4B5B-80D9-6E1651756943}.Release|Any CPU.Build.0 = Release|Any CPU
		{95C35E08-F78F-41A8-9D50-EF241740EBD9}.Debug|Any CPU.ActiveCfg = Debug|Any CPU
		{95C35E08-F78F-41A8-9D50-EF241740EBD9}.Debug|Any CPU.Build.0 = Debug|Any CPU
		{95C35E08-F78F-41A8-9D50-EF241740EBD9}.Release|Any CPU.ActiveCfg = Release|Any CPU
		{95C35E08-F78F-41A8-9D50-EF241740EBD9}.Release|Any CPU.Build.0 = Release|Any CPU
		{98ED0E3E-F16D-49A5-A065-908CB38703C0}.Debug|Any CPU.ActiveCfg = Debug|Any CPU
		{98ED0E3E-F16D-49A5-A065-908CB38703C0}.Debug|Any CPU.Build.0 = Debug|Any CPU
		{98ED0E3E-F16D-49A5-A065-908CB38703C0}.Release|Any CPU.ActiveCfg = Release|Any CPU
		{98ED0E3E-F16D-49A5-A065-908CB38703C0}.Release|Any CPU.Build.0 = Release|Any CPU
		{2E0D69C3-65D3-48F5-97B0-91485E65BCAA}.Debug|Any CPU.ActiveCfg = Debug|Any CPU
		{2E0D69C3-65D3-48F5-97B0-91485E65BCAA}.Debug|Any CPU.Build.0 = Debug|Any CPU
		{2E0D69C3-65D3-48F5-97B0-91485E65BCAA}.Release|Any CPU.ActiveCfg = Release|Any CPU
		{2E0D69C3-65D3-48F5-97B0-91485E65BCAA}.Release|Any CPU.Build.0 = Release|Any CPU
		{41A30B5E-2775-4000-8923-CF12DA29E287}.Debug|Any CPU.ActiveCfg = Debug|Any CPU
		{41A30B5E-2775-4000-8923-CF12DA29E287}.Debug|Any CPU.Build.0 = Debug|Any CPU
		{41A30B5E-2775-4000-8923-CF12DA29E287}.Release|Any CPU.ActiveCfg = Release|Any CPU
		{41A30B5E-2775-4000-8923-CF12DA29E287}.Release|Any CPU.Build.0 = Release|Any CPU
		{6BC6F733-4797-413A-94C5-F26C7576FF58}.Debug|Any CPU.ActiveCfg = Debug|Any CPU
		{6BC6F733-4797-413A-94C5-F26C7576FF58}.Debug|Any CPU.Build.0 = Debug|Any CPU
		{6BC6F733-4797-413A-94C5-F26C7576FF58}.Release|Any CPU.ActiveCfg = Release|Any CPU
		{6BC6F733-4797-413A-94C5-F26C7576FF58}.Release|Any CPU.Build.0 = Release|Any CPU
		{DA76509A-EF36-42FE-B503-7245D693DF90}.Debug|Any CPU.ActiveCfg = Debug|Any CPU
		{DA76509A-EF36-42FE-B503-7245D693DF90}.Debug|Any CPU.Build.0 = Debug|Any CPU
		{DA76509A-EF36-42FE-B503-7245D693DF90}.Release|Any CPU.ActiveCfg = Release|Any CPU
		{DA76509A-EF36-42FE-B503-7245D693DF90}.Release|Any CPU.Build.0 = Release|Any CPU
		{82DA9164-7DF2-4155-80E6-E9502750AB0F}.Debug|Any CPU.ActiveCfg = Debug|Any CPU
		{82DA9164-7DF2-4155-80E6-E9502750AB0F}.Debug|Any CPU.Build.0 = Debug|Any CPU
		{82DA9164-7DF2-4155-80E6-E9502750AB0F}.Release|Any CPU.ActiveCfg = Release|Any CPU
		{82DA9164-7DF2-4155-80E6-E9502750AB0F}.Release|Any CPU.Build.0 = Release|Any CPU
		{1A2CB220-F9EE-4570-AC2E-A385EE18FBFB}.Debug|Any CPU.ActiveCfg = Debug|Any CPU
		{1A2CB220-F9EE-4570-AC2E-A385EE18FBFB}.Debug|Any CPU.Build.0 = Debug|Any CPU
		{1A2CB220-F9EE-4570-AC2E-A385EE18FBFB}.Release|Any CPU.ActiveCfg = Release|Any CPU
		{1A2CB220-F9EE-4570-AC2E-A385EE18FBFB}.Release|Any CPU.Build.0 = Release|Any CPU
		{E5A264DD-ABAE-49CB-9F9D-54FE296BFAF1}.Debug|Any CPU.ActiveCfg = Debug|Any CPU
		{E5A264DD-ABAE-49CB-9F9D-54FE296BFAF1}.Debug|Any CPU.Build.0 = Debug|Any CPU
		{E5A264DD-ABAE-49CB-9F9D-54FE296BFAF1}.Release|Any CPU.ActiveCfg = Release|Any CPU
		{E5A264DD-ABAE-49CB-9F9D-54FE296BFAF1}.Release|Any CPU.Build.0 = Release|Any CPU
		{8D0DF11A-09B6-401D-928E-754D645B478E}.Debug|Any CPU.ActiveCfg = Debug|Any CPU
		{8D0DF11A-09B6-401D-928E-754D645B478E}.Debug|Any CPU.Build.0 = Debug|Any CPU
		{8D0DF11A-09B6-401D-928E-754D645B478E}.Release|Any CPU.ActiveCfg = Release|Any CPU
		{8D0DF11A-09B6-401D-928E-754D645B478E}.Release|Any CPU.Build.0 = Release|Any CPU
		{9D43156A-F2BC-4AFB-A429-429DD1EB4B8A}.Debug|Any CPU.ActiveCfg = Debug|Any CPU
		{9D43156A-F2BC-4AFB-A429-429DD1EB4B8A}.Debug|Any CPU.Build.0 = Debug|Any CPU
		{9D43156A-F2BC-4AFB-A429-429DD1EB4B8A}.Release|Any CPU.ActiveCfg = Release|Any CPU
		{9D43156A-F2BC-4AFB-A429-429DD1EB4B8A}.Release|Any CPU.Build.0 = Release|Any CPU
		{C1E2C33A-2062-4E64-9023-7061B96582DC}.Debug|Any CPU.ActiveCfg = Debug|Any CPU
		{C1E2C33A-2062-4E64-9023-7061B96582DC}.Debug|Any CPU.Build.0 = Debug|Any CPU
		{C1E2C33A-2062-4E64-9023-7061B96582DC}.Release|Any CPU.ActiveCfg = Release|Any CPU
		{C1E2C33A-2062-4E64-9023-7061B96582DC}.Release|Any CPU.Build.0 = Release|Any CPU
	EndGlobalSection
	GlobalSection(SolutionProperties) = preSolution
		HideSolutionNode = FALSE
	EndGlobalSection
	GlobalSection(ExtensibilityGlobals) = postSolution
		SolutionGuid = {9E214FFD-834E-4F69-ADAA-F97C7C74B243}
	EndGlobalSection
	GlobalSection(NestedProjects) = preSolution
		{A630417B-1C25-4BAB-B1D3-22C627DF0008} = {0B9A1A27-E4AC-4228-AE7A-FC2CEBE2AD7B}
		{582CE0DB-2B91-4978-9AF8-B18C732D08B5} = {0B9A1A27-E4AC-4228-AE7A-FC2CEBE2AD7B}
		{E41F937A-0FE1-4E55-B449-CABF5D42A093} = {0B9A1A27-E4AC-4228-AE7A-FC2CEBE2AD7B}
		{C08FF8C8-354D-40EC-A80C-AFCE36A88DF9} = {0B9A1A27-E4AC-4228-AE7A-FC2CEBE2AD7B}
		{89A65776-2367-4855-8956-53322C2BF70B} = {0B9A1A27-E4AC-4228-AE7A-FC2CEBE2AD7B}
		{2C55D527-4E09-4FD6-B4C6-7EFDD457358F} = {0B9A1A27-E4AC-4228-AE7A-FC2CEBE2AD7B}
		{83E18AE5-35EF-4E3E-AB6F-C5A96F1FE7CF} = {B7619466-6A0F-4981-9483-FA935275583B}
		{25F596CB-734B-4D22-BB9B-BF3FE4ED645C} = {B7619466-6A0F-4981-9483-FA935275583B}
		{91B60054-9B37-476D-8894-2F91046CC53A} = {FDF81F68-085D-4C5E-964A-1FD8A1D96277}
		{B9DC001F-BEE2-4E85-8E7E-B6B84298F0D5} = {FDF81F68-085D-4C5E-964A-1FD8A1D96277}
		{A0ECB336-8E44-46F4-B551-0595AF5B4D62} = {7F683C4A-7D91-44EE-AF90-A5901BE6F90E}
		{C51FAFAE-59FE-470D-BE49-B4CDB9DF934B} = {7F683C4A-7D91-44EE-AF90-A5901BE6F90E}
		{A6CE17C4-6991-45CC-9AD6-D0F5DA11CE64} = {7F683C4A-7D91-44EE-AF90-A5901BE6F90E}
		{9C5BB7A5-63EB-4D63-9632-BEF22D22F780} = {7F683C4A-7D91-44EE-AF90-A5901BE6F90E}
		{D3CD271A-F0C2-48A6-BD57-40D500B26645} = {7F683C4A-7D91-44EE-AF90-A5901BE6F90E}
		{3A7CC445-7D7D-41E6-A115-EFFE3A225506} = {7F683C4A-7D91-44EE-AF90-A5901BE6F90E}
		{287B1D42-5AF9-4BF0-AB8E-C7DC5CE83AF1} = {8993A8E6-5BA3-4379-AA8F-8E8AE9E5155D}
		{4D88342A-B2A1-4BA0-827B-CE3C2129F91D} = {287B1D42-5AF9-4BF0-AB8E-C7DC5CE83AF1}
		{008E3685-0B2D-4CA7-891B-6C9EA313389C} = {4D88342A-B2A1-4BA0-827B-CE3C2129F91D}
		{8F8E4839-1645-4E78-89C0-2F0870592B87} = {4D88342A-B2A1-4BA0-827B-CE3C2129F91D}
		{278FD9AB-AC3A-4424-841D-112CEABA78EE} = {4D88342A-B2A1-4BA0-827B-CE3C2129F91D}
		{27AACE42-F715-4D1D-8C75-767AB550DB66} = {4D88342A-B2A1-4BA0-827B-CE3C2129F91D}
		{0907EAD1-4887-481D-84E0-A00D8002B975} = {4D88342A-B2A1-4BA0-827B-CE3C2129F91D}
		{0F8CB7E5-D487-4B49-BA7A-6AEE5A4571B3} = {4D88342A-B2A1-4BA0-827B-CE3C2129F91D}
		{F1717DD6-7DFB-48A1-9F40-C8E2337F2EDA} = {4D88342A-B2A1-4BA0-827B-CE3C2129F91D}
		{C389FC7E-8754-45DB-A160-7185396596DA} = {287B1D42-5AF9-4BF0-AB8E-C7DC5CE83AF1}
		{CAEB081C-07BD-47CB-9536-18FD3DC3CB9A} = {287B1D42-5AF9-4BF0-AB8E-C7DC5CE83AF1}
		{6EE5A6DB-9F9C-4074-96E4-16580BBD8521} = {CAEB081C-07BD-47CB-9536-18FD3DC3CB9A}
		{B3BE5F96-C856-4AED-BB0F-F2B7B9C9BE95} = {CAEB081C-07BD-47CB-9536-18FD3DC3CB9A}
		{DF0B23CC-E437-4ADB-8692-B0952C9373DC} = {CAEB081C-07BD-47CB-9536-18FD3DC3CB9A}
		{EB21A05E-8172-49F3-AC15-2BDABF9C3ABB} = {CAEB081C-07BD-47CB-9536-18FD3DC3CB9A}
		{C0D5904B-23AC-4A2C-AB04-2441AAD608CF} = {CAEB081C-07BD-47CB-9536-18FD3DC3CB9A}
		{A4836246-9AB7-499F-BA30-9A2B60291C39} = {287B1D42-5AF9-4BF0-AB8E-C7DC5CE83AF1}
		{D50BBF73-8D43-4CE9-9019-EB97307B07DE} = {A4836246-9AB7-499F-BA30-9A2B60291C39}
		{959C8690-6BC3-404C-86C9-24CB42974B93} = {A4836246-9AB7-499F-BA30-9A2B60291C39}
		{557EB04E-EC37-4092-8F69-E0F85DBBDB09} = {A4836246-9AB7-499F-BA30-9A2B60291C39}
		{00BCD597-95BA-4557-AF95-C173CE000A4B} = {A4836246-9AB7-499F-BA30-9A2B60291C39}
		{A7892638-3302-411B-A7CF-3CCD3D824482} = {A4836246-9AB7-499F-BA30-9A2B60291C39}
		{D9FEC049-0F2E-4A99-B036-DBBFB37BDA78} = {A4836246-9AB7-499F-BA30-9A2B60291C39}
		{940CF784-BC05-4C09-B491-03C91FFCB467} = {287B1D42-5AF9-4BF0-AB8E-C7DC5CE83AF1}
		{56014ACD-A499-4509-AAA6-420BCDB4736A} = {940CF784-BC05-4C09-B491-03C91FFCB467}
		{6DB2B0D1-904A-4A69-9944-E488FA7A99A5} = {940CF784-BC05-4C09-B491-03C91FFCB467}
		{32BB7AF2-26DA-400A-863A-CA8D31A51F8E} = {940CF784-BC05-4C09-B491-03C91FFCB467}
		{BA540DCC-243E-464C-B86C-03CA47780EA6} = {940CF784-BC05-4C09-B491-03C91FFCB467}
		{6BA29CB7-2C2F-447A-808F-DD14B84A483E} = {940CF784-BC05-4C09-B491-03C91FFCB467}
		{1B8AFDE6-3CDD-467F-B51E-4ADA1B3EAB25} = {940CF784-BC05-4C09-B491-03C91FFCB467}
		{A9CFDCD5-BB21-430C-A405-1A940ECFD994} = {CAEB081C-07BD-47CB-9536-18FD3DC3CB9A}
		{55E9149F-7CC9-4A5C-9767-192553397E17} = {287B1D42-5AF9-4BF0-AB8E-C7DC5CE83AF1}
		{1CBC3C02-3DC6-432D-A0E0-F7B2FA2D56BC} = {55E9149F-7CC9-4A5C-9767-192553397E17}
		{B6E8F384-096B-45FF-9308-F34796C785A3} = {55E9149F-7CC9-4A5C-9767-192553397E17}
		{28704B13-A17F-4FB5-ADCD-A8EACA7DA8F5} = {55E9149F-7CC9-4A5C-9767-192553397E17}
		{4AB3B58C-6AE7-48AF-9BC1-59ECF7C4BEC3} = {55E9149F-7CC9-4A5C-9767-192553397E17}
		{9486FC61-C734-4238-A232-AA766529D1B5} = {55E9149F-7CC9-4A5C-9767-192553397E17}
		{ABA12F0C-0129-4F00-8B61-5119B4A49BEB} = {55E9149F-7CC9-4A5C-9767-192553397E17}
		{2F014740-030C-4D47-B4E6-05FEDDB83A34} = {55E9149F-7CC9-4A5C-9767-192553397E17}
		{0CA8DF5E-1964-4A5F-9D5A-E6EBE3AEE348} = {287B1D42-5AF9-4BF0-AB8E-C7DC5CE83AF1}
		{38584F6A-CC79-476D-B83C-B0A9C33613D9} = {0CA8DF5E-1964-4A5F-9D5A-E6EBE3AEE348}
		{C4FA39C5-64A7-41DD-87AE-B3C528723B43} = {0CA8DF5E-1964-4A5F-9D5A-E6EBE3AEE348}
		{DF6CDF41-137E-4F6E-B8FA-6BE7458C066A} = {0CA8DF5E-1964-4A5F-9D5A-E6EBE3AEE348}
		{00948A9A-5BAA-499D-A6BF-8DD683415413} = {0CA8DF5E-1964-4A5F-9D5A-E6EBE3AEE348}
		{FCE4AA52-6127-4C10-B920-FD31E7B2E840} = {0CA8DF5E-1964-4A5F-9D5A-E6EBE3AEE348}
		{3C23AA94-7F3D-446C-9BE2-8C48EA43922F} = {0CA8DF5E-1964-4A5F-9D5A-E6EBE3AEE348}
		{88DAABBD-CA2A-4F5F-AA16-1145913D6E39} = {0CA8DF5E-1964-4A5F-9D5A-E6EBE3AEE348}
		{54371996-4CDB-436B-8B30-D44158E91EE5} = {940CF784-BC05-4C09-B491-03C91FFCB467}
		{54054713-DDE7-417F-8136-07B6C5BF82AC} = {A4836246-9AB7-499F-BA30-9A2B60291C39}
		{EC861270-D458-4779-B012-A771BF8BB3FD} = {CAEB081C-07BD-47CB-9536-18FD3DC3CB9A}
		{FFE927FD-A580-4926-BDCE-67D521B66B16} = {7F683C4A-7D91-44EE-AF90-A5901BE6F90E}
		{FCD65CD0-CD58-49D2-867E-639294B886C7} = {7F683C4A-7D91-44EE-AF90-A5901BE6F90E}
		{15374DEB-499A-4992-BC02-F342BF6C9FB2} = {0B9A1A27-E4AC-4228-AE7A-FC2CEBE2AD7B}
		{1827C28C-90BE-416C-BFD0-C94341F5FE10} = {CAEB081C-07BD-47CB-9536-18FD3DC3CB9A}
		{FED8219C-03DB-4983-8B03-DF17D5D17C1B} = {CAEB081C-07BD-47CB-9536-18FD3DC3CB9A}
		{FACDC349-0F34-4980-ABA3-2E1F52625E0A} = {0B9A1A27-E4AC-4228-AE7A-FC2CEBE2AD7B}
		{A8071B3A-4553-459D-948D-95C96427ECD3} = {940CF784-BC05-4C09-B491-03C91FFCB467}
		{1CA6B817-3CF3-401C-96D9-5616A0E8358F} = {940CF784-BC05-4C09-B491-03C91FFCB467}
		{7507F865-6446-44C7-BE21-EB3F0705E3DC} = {940CF784-BC05-4C09-B491-03C91FFCB467}
		{B2C972C1-A5E8-4D1E-BF70-21063EE71886} = {98DB3508-D8A9-4C1B-B8B1-0B02679FD01C}
		{172E1F27-B17B-42E7-9FF0-539CB3D61C3C} = {98DB3508-D8A9-4C1B-B8B1-0B02679FD01C}
		{8F849916-095A-4F37-A5A6-26BEDDF62590} = {7F683C4A-7D91-44EE-AF90-A5901BE6F90E}
		{92D03203-8975-4726-92AB-56A182F621D7} = {C389FC7E-8754-45DB-A160-7185396596DA}
		{35AE91DC-DDF4-4DB5-AEB2-76EBD9937CF0} = {C389FC7E-8754-45DB-A160-7185396596DA}
		{8C491F59-ECF6-40FC-989A-E62A6F2BD790} = {C389FC7E-8754-45DB-A160-7185396596DA}
		{82E0091F-9D84-4173-AB3F-6566B1EA546B} = {C389FC7E-8754-45DB-A160-7185396596DA}
		{D9B005D7-7283-43CA-B9FD-0728B94FE648} = {C389FC7E-8754-45DB-A160-7185396596DA}
		{AB2A8932-7821-40F0-9B5D-E884E58B839E} = {C389FC7E-8754-45DB-A160-7185396596DA}
		{3C794622-D587-4DD8-A6BA-896253D2AF2E} = {C389FC7E-8754-45DB-A160-7185396596DA}
		{CA923448-73E5-4629-B4E2-EBF52013C0BC} = {C389FC7E-8754-45DB-A160-7185396596DA}
		{85B9445B-E44C-4E5D-8938-E29E0C38142E} = {0B9A1A27-E4AC-4228-AE7A-FC2CEBE2AD7B}
		{13A6124E-B416-4A36-910A-1D7621EAD12E} = {0B9A1A27-E4AC-4228-AE7A-FC2CEBE2AD7B}
		{628A5F3F-56E3-440B-AC85-ED37DAAB6E4C} = {A4836246-9AB7-499F-BA30-9A2B60291C39}
		{86BAA3D1-E5D5-49BF-B493-D5EDC008A959} = {A4836246-9AB7-499F-BA30-9A2B60291C39}
		{BA889E85-19C8-4B5B-80D9-6E1651756943} = {0B9A1A27-E4AC-4228-AE7A-FC2CEBE2AD7B}
		{13B283F3-B399-4C5D-924F-4337C28BC750} = {287B1D42-5AF9-4BF0-AB8E-C7DC5CE83AF1}
		{95C35E08-F78F-41A8-9D50-EF241740EBD9} = {13B283F3-B399-4C5D-924F-4337C28BC750}
		{98ED0E3E-F16D-49A5-A065-908CB38703C0} = {13B283F3-B399-4C5D-924F-4337C28BC750}
		{2E0D69C3-65D3-48F5-97B0-91485E65BCAA} = {13B283F3-B399-4C5D-924F-4337C28BC750}
		{41A30B5E-2775-4000-8923-CF12DA29E287} = {13B283F3-B399-4C5D-924F-4337C28BC750}
		{6BC6F733-4797-413A-94C5-F26C7576FF58} = {13B283F3-B399-4C5D-924F-4337C28BC750}
		{DA76509A-EF36-42FE-B503-7245D693DF90} = {13B283F3-B399-4C5D-924F-4337C28BC750}
		{82DA9164-7DF2-4155-80E6-E9502750AB0F} = {13B283F3-B399-4C5D-924F-4337C28BC750}
		{1A2CB220-F9EE-4570-AC2E-A385EE18FBFB} = {13B283F3-B399-4C5D-924F-4337C28BC750}
		{E5A264DD-ABAE-49CB-9F9D-54FE296BFAF1} = {13B283F3-B399-4C5D-924F-4337C28BC750}
		{8D0DF11A-09B6-401D-928E-754D645B478E} = {0B9A1A27-E4AC-4228-AE7A-FC2CEBE2AD7B}
		{9D43156A-F2BC-4AFB-A429-429DD1EB4B8A} = {0B9A1A27-E4AC-4228-AE7A-FC2CEBE2AD7B}
		{C1E2C33A-2062-4E64-9023-7061B96582DC} = {13B283F3-B399-4C5D-924F-4337C28BC750}
	EndGlobalSection
EndGlobal
