
Microsoft Visual Studio Solution File, Format Version 12.00
# Visual Studio Version 17
VisualStudioVersion = 17.5.002.0
MinimumVisualStudioVersion = 10.0.40219.1
Project("{9A19103F-16F7-4668-BE54-9A1E7A4F7556}") = "MediaInAction.FileService.HttpApi.Client", "MediaInAction.FileService.HttpApi.Client.csproj", "{35E8C3BD-E998-4A5F-B1A3-81F92F8DD249}"
EndProject
Global
	GlobalSection(SolutionConfigurationPlatforms) = preSolution
		Debug|Any CPU = Debug|Any CPU
		Release|Any CPU = Release|Any CPU
	EndGlobalSection
	GlobalSection(ProjectConfigurationPlatforms) = postSolution
		{35E8C3BD-E998-4A5F-B1A3-81F92F8DD249}.Debug|Any CPU.ActiveCfg = Debug|Any CPU
		{35E8C3BD-E998-4A5F-B1A3-81F92F8DD249}.Debug|Any CPU.Build.0 = Debug|Any CPU
		{35E8C3BD-E998-4A5F-B1A3-81F92F8DD249}.Release|Any CPU.ActiveCfg = Release|Any CPU
		{35E8C3BD-E998-4A5F-B1A3-81F92F8DD249}.Release|Any CPU.Build.0 = Release|Any CPU
	EndGlobalSection
	GlobalSection(SolutionProperties) = preSolution
		HideSolutionNode = FALSE
	EndGlobalSection
	GlobalSection(ExtensibilityGlobals) = postSolution
		SolutionGuid = {C3E8F186-A7BD-4CA4-8EBD-4991E82C9258}
	EndGlobalSection
EndGlobal
