
Microsoft Visual Studio Solution File, Format Version 12.00
# Visual Studio Version 17
VisualStudioVersion = 17.5.002.0
MinimumVisualStudioVersion = 10.0.40219.1
Project("{2150E333-8FDC-42A3-9474-1A3956D46DE8}") = "src", "src", "{3E47B792-BA00-4E43-8905-D9C58B53CC5D}"
EndProject
Project("{2150E333-8FDC-42A3-9474-1A3956D46DE8}") = "shared", "shared", "{DC6F7111-1057-40B8-A3BB-CE2B72B5E0EB}"
EndProject
Project("{FAE04EC0-301F-11D3-BF4B-00C04F79EFBC}") = "MediaInAction.VideoService.Application", "MediaInAction.VideoService.Application\MediaInAction.VideoService.Application.csproj", "{37B2A20C-E5FF-41A1-BD37-269604F25F84}"
EndProject
Project("{FAE04EC0-301F-11D3-BF4B-00C04F79EFBC}") = "MediaInAction.VideoService.Application.Contracts", "MediaInAction.VideoService.Application.Contracts\MediaInAction.VideoService.Application.Contracts.csproj", "{B71C1B2A-15DF-4805-8B9D-A56CE260027F}"
EndProject
Project("{FAE04EC0-301F-11D3-BF4B-00C04F79EFBC}") = "MediaInAction.VideoService.BackgroundJobs", "MediaInAction.VideoService.BackgroundJobs\MediaInAction.VideoService.BackgroundJobs.csproj", "{36BB167E-563D-49F1-8604-98D31A7892A1}"
EndProject
Project("{FAE04EC0-301F-11D3-BF4B-00C04F79EFBC}") = "MediaInAction.VideoService.Application.Tests", "MediaInAction.VideoService.Application.Tests\MediaInAction.VideoService.Application.Tests.csproj", "{FF03A5A6-5324-4864-8B26-51E26758AAD6}"
EndProject
Project("{FAE04EC0-301F-11D3-BF4B-00C04F79EFBC}") = "MediaInAction.VideoService.Domain", "MediaInAction.VideoService.Domain\MediaInAction.VideoService.Domain.csproj", "{AD301D3E-8ECD-44D1-943E-CBCDA036E0F3}"
EndProject
Project("{FAE04EC0-301F-11D3-BF4B-00C04F79EFBC}") = "MediaInAction.VideoService.Domain.Shared", "MediaInAction.VideoService.Domain.Shared\MediaInAction.VideoService.Domain.Shared.csproj", "{03E09653-ECA1-4C1C-9CEE-33992DEE67DA}"
EndProject
Project("{FAE04EC0-301F-11D3-BF4B-00C04F79EFBC}") = "MediaInAction.VideoService.HttpApi", "MediaInAction.VideoService.HttpApi\MediaInAction.VideoService.HttpApi.csproj", "{E9167A16-F5BA-4C39-B35F-AA617C3546EF}"
EndProject
Project("{FAE04EC0-301F-11D3-BF4B-00C04F79EFBC}") = "MediaInAction.VideoService.Lib", "MediaInAction.VideoService.Lib\MediaInAction.VideoService.Lib.csproj", "{11B9A2A3-2B30-4721-8CBC-1C5617B30E5A}"
EndProject
Project("{FAE04EC0-301F-11D3-BF4B-00C04F79EFBC}") = "MediaInAction.VideoService.HttpApi.Host", "MediaInAction.VideoService.HttpApi.Host\MediaInAction.VideoService.HttpApi.Host.csproj", "{A6A52109-D34A-41D8-93A1-418F927C689B}"
EndProject
Project("{FAE04EC0-301F-11D3-BF4B-00C04F79EFBC}") = "MediaInAction.VideoService.HttpApi.Client", "MediaInAction.VideoService.HttpApi.Client\MediaInAction.VideoService.HttpApi.Client.csproj", "{BD535D5E-F823-436A-8C94-E62D8B6E0589}"
EndProject
Project("{FAE04EC0-301F-11D3-BF4B-00C04F79EFBC}") = "MediaInAction.VideoService.EntityFrameworkCore", "MediaInAction.VideoService.EntityFrameworkCore\MediaInAction.VideoService.EntityFrameworkCore.csproj", "{71933BE3-12BA-469F-ADDE-B07A8BAF9FB3}"
EndProject
Project("{FAE04EC0-301F-11D3-BF4B-00C04F79EFBC}") = "MediaInAction.VideoService.EntityFrameworkCore.Tests", "MediaInAction.VideoService.EntityFrameworkCore.Tests\MediaInAction.VideoService.EntityFrameworkCore.Tests.csproj", "{313A2D1F-3A5E-45CD-A880-15E65F9D5D32}"
EndProject
Project("{FAE04EC0-301F-11D3-BF4B-00C04F79EFBC}") = "MediaInAction.VideoService.BackgroundWorkers", "MediaInAction.VideoService.BackgroundWorkers\MediaInAction.VideoService.BackgroundWorkers.csproj", "{286C8DC6-9BFF-4009-A88D-5344EE5A4E93}"
EndProject
Project("{FAE04EC0-301F-11D3-BF4B-00C04F79EFBC}") = "MediaInAction.Shared.HealthChecks", "..\..\shared\MediaInAction.Shared.HealthChecks\MediaInAction.Shared.HealthChecks.csproj", "{6C14CAEF-7523-4C10-871A-A29F0061EDDF}"
EndProject
Project("{FAE04EC0-301F-11D3-BF4B-00C04F79EFBC}") = "MediaInAction.Shared.Helpers", "..\..\shared\MediaInAction.Shared.Helpers\MediaInAction.Shared.Helpers.csproj", "{45DCBEAF-B609-44CD-A6C0-13B23275A7B0}"
EndProject
Project("{FAE04EC0-301F-11D3-BF4B-00C04F79EFBC}") = "MediaInAction.Shared.Hosting.AspNetCore", "..\..\shared\MediaInAction.Shared.Hosting.AspNetCore\MediaInAction.Shared.Hosting.AspNetCore.csproj", "{CA1E80AC-3196-4F2A-BC98-C7F20FB45796}"
EndProject
Project("{FAE04EC0-301F-11D3-BF4B-00C04F79EFBC}") = "MediaInAction.VideoService.TestBase", "MediaInAction.VideoService.TestBase\MediaInAction.VideoService.TestBase.csproj", "{717C9551-F8E1-4DC9-8C8F-A6CC2C5DA956}"
EndProject
Project("{2150E333-8FDC-42A3-9474-1A3956D46DE8}") = "services", "services", "{9C95F7B7-907F-40E7-933E-A2E953211C0A}"
EndProject
Project("{FAE04EC0-301F-11D3-BF4B-00C04F79EFBC}") = "MediaInAction.EmbyService.Domain.Shared", "..\emby\MediaInAction.EmbyService.Domain.Shared\MediaInAction.EmbyService.Domain.Shared.csproj", "{C0263CDA-9FDA-4A44-8CE0-09C2BC26CB93}"
EndProject
Project("{FAE04EC0-301F-11D3-BF4B-00C04F79EFBC}") = "MediaInAction.DelugeService.Domain.Shared", "..\deluge\MediaInAction.DelugeService.Domain.Shared\MediaInAction.DelugeService.Domain.Shared.csproj", "{40731DA1-D0C7-4931-9270-54122E91CEA1}"
EndProject
Project("{FAE04EC0-301F-11D3-BF4B-00C04F79EFBC}") = "MediaInAction.FileService.Domain.Shared", "..\file\MediaInAction.FileService.Domain.Shared\MediaInAction.FileService.Domain.Shared.csproj", "{FA89E334-55FA-4A17-88DA-06F04E06D044}"
EndProject
Project("{FAE04EC0-301F-11D3-BF4B-00C04F79EFBC}") = "MediaInAction.TraktService.Domain.Shared", "..\trakt\MediaInAction.TraktService.Domain.Shared\MediaInAction.TraktService.Domain.Shared.csproj", "{103FAC23-F438-45BC-8A60-FB4F87F986BF}"
EndProject
Project("{FAE04EC0-301F-11D3-BF4B-00C04F79EFBC}") = "MediaInAction.Shared.Domain", "..\..\shared\MediaInAction.Shared.Domain\MediaInAction.Shared.Domain.csproj", "{EC8F9D1F-3B9F-4733-861A-87129BACE5B4}"
EndProject
Project("{FAE04EC0-301F-11D3-BF4B-00C04F79EFBC}") = "MediaInAction.Shared.Hosting.Microservices", "..\..\shared\MediaInAction.Shared.Hosting.Microservices\MediaInAction.Shared.Hosting.Microservices.csproj", "{BDC87BA3-D91F-474E-A015-DACDE886ACD0}"
EndProject
Project("{FAE04EC0-301F-11D3-BF4B-00C04F79EFBC}") = "MediaInAction.Shared.Integration", "..\..\shared\MediaInAction.Shared.Integration\MediaInAction.Shared.Integration.csproj", "{493E1046-8F0D-4AA3-A965-2A2B8ED7D65F}"
EndProject
Project("{FAE04EC0-301F-11D3-BF4B-00C04F79EFBC}") = "MediaInAction.Shared.Localization", "..\..\shared\MediaInAction.Shared.Localization\MediaInAction.Shared.Localization.csproj", "{4F1CD375-FD24-4F98-B3A5-5FD1516C38C7}"
EndProject
Project("{FAE04EC0-301F-11D3-BF4B-00C04F79EFBC}") = "MediaInAction.Shared.Hosting", "..\..\shared\MediaInAction.Shared.Hosting\MediaInAction.Shared.Hosting.csproj", "{8ED259F2-CF64-4B41-A696-A7257AA669EF}"
EndProject
Project("{2150E333-8FDC-42A3-9474-1A3956D46DE8}") = "tests", "tests", "{2F0A8496-ACD2-4271-B73B-B027EF43F67C}"
EndProject
Project("{FAE04EC0-301F-11D3-BF4B-00C04F79EFBC}") = "MediaInAction.VideoService.Domain.Tests", "MediaInAction.VideoService.Domain.Tests\MediaInAction.VideoService.Domain.Tests.csproj", "{2D14F01B-973E-402E-AB19-6F102760E437}"
EndProject
Project("{FAE04EC0-301F-11D3-BF4B-00C04F79EFBC}") = "MediaInAction.AdministrationService.EntityFrameworkCore", "..\administration\MediaInAction.AdministrationService.EntityFrameworkCore\MediaInAction.AdministrationService.EntityFrameworkCore.csproj", "{1D4DEC75-8AFD-4947-9C3E-CFD32581E136}"
EndProject
Project("{FAE04EC0-301F-11D3-BF4B-00C04F79EFBC}") = "MediaInAction.AdministrationService.Domain", "..\administration\MediaInAction.AdministrationService.Domain\MediaInAction.AdministrationService.Domain.csproj", "{B09DB461-D893-44CD-8F1D-E41C6222BB91}"
EndProject
Project("{FAE04EC0-301F-11D3-BF4B-00C04F79EFBC}") = "MediaInAction.AdministrationService.Domain.Shared", "..\administration\MediaInAction.AdministrationService.Domain.Shared\MediaInAction.AdministrationService.Domain.Shared.csproj", "{6AB092BD-CDAE-4D9D-901C-4A19E80E0042}"
EndProject
Global
	GlobalSection(SolutionConfigurationPlatforms) = preSolution
		Debug|Any CPU = Debug|Any CPU
		Release|Any CPU = Release|Any CPU
	EndGlobalSection
	GlobalSection(ProjectConfigurationPlatforms) = postSolution
		{37B2A20C-E5FF-41A1-BD37-269604F25F84}.Debug|Any CPU.ActiveCfg = Debug|Any CPU
		{37B2A20C-E5FF-41A1-BD37-269604F25F84}.Debug|Any CPU.Build.0 = Debug|Any CPU
		{37B2A20C-E5FF-41A1-BD37-269604F25F84}.Release|Any CPU.ActiveCfg = Release|Any CPU
		{37B2A20C-E5FF-41A1-BD37-269604F25F84}.Release|Any CPU.Build.0 = Release|Any CPU
		{B71C1B2A-15DF-4805-8B9D-A56CE260027F}.Debug|Any CPU.ActiveCfg = Debug|Any CPU
		{B71C1B2A-15DF-4805-8B9D-A56CE260027F}.Debug|Any CPU.Build.0 = Debug|Any CPU
		{B71C1B2A-15DF-4805-8B9D-A56CE260027F}.Release|Any CPU.ActiveCfg = Release|Any CPU
		{B71C1B2A-15DF-4805-8B9D-A56CE260027F}.Release|Any CPU.Build.0 = Release|Any CPU
		{36BB167E-563D-49F1-8604-98D31A7892A1}.Debug|Any CPU.ActiveCfg = Debug|Any CPU
		{36BB167E-563D-49F1-8604-98D31A7892A1}.Debug|Any CPU.Build.0 = Debug|Any CPU
		{36BB167E-563D-49F1-8604-98D31A7892A1}.Release|Any CPU.ActiveCfg = Release|Any CPU
		{36BB167E-563D-49F1-8604-98D31A7892A1}.Release|Any CPU.Build.0 = Release|Any CPU
		{FF03A5A6-5324-4864-8B26-51E26758AAD6}.Debug|Any CPU.ActiveCfg = Debug|Any CPU
		{FF03A5A6-5324-4864-8B26-51E26758AAD6}.Debug|Any CPU.Build.0 = Debug|Any CPU
		{FF03A5A6-5324-4864-8B26-51E26758AAD6}.Release|Any CPU.ActiveCfg = Release|Any CPU
		{FF03A5A6-5324-4864-8B26-51E26758AAD6}.Release|Any CPU.Build.0 = Release|Any CPU
		{AD301D3E-8ECD-44D1-943E-CBCDA036E0F3}.Debug|Any CPU.ActiveCfg = Debug|Any CPU
		{AD301D3E-8ECD-44D1-943E-CBCDA036E0F3}.Debug|Any CPU.Build.0 = Debug|Any CPU
		{AD301D3E-8ECD-44D1-943E-CBCDA036E0F3}.Release|Any CPU.ActiveCfg = Release|Any CPU
		{AD301D3E-8ECD-44D1-943E-CBCDA036E0F3}.Release|Any CPU.Build.0 = Release|Any CPU
		{03E09653-ECA1-4C1C-9CEE-33992DEE67DA}.Debug|Any CPU.ActiveCfg = Debug|Any CPU
		{03E09653-ECA1-4C1C-9CEE-33992DEE67DA}.Debug|Any CPU.Build.0 = Debug|Any CPU
		{03E09653-ECA1-4C1C-9CEE-33992DEE67DA}.Release|Any CPU.ActiveCfg = Release|Any CPU
		{03E09653-ECA1-4C1C-9CEE-33992DEE67DA}.Release|Any CPU.Build.0 = Release|Any CPU
		{E9167A16-F5BA-4C39-B35F-AA617C3546EF}.Debug|Any CPU.ActiveCfg = Debug|Any CPU
		{E9167A16-F5BA-4C39-B35F-AA617C3546EF}.Debug|Any CPU.Build.0 = Debug|Any CPU
		{E9167A16-F5BA-4C39-B35F-AA617C3546EF}.Release|Any CPU.ActiveCfg = Release|Any CPU
		{E9167A16-F5BA-4C39-B35F-AA617C3546EF}.Release|Any CPU.Build.0 = Release|Any CPU
		{11B9A2A3-2B30-4721-8CBC-1C5617B30E5A}.Debug|Any CPU.ActiveCfg = Debug|Any CPU
		{11B9A2A3-2B30-4721-8CBC-1C5617B30E5A}.Debug|Any CPU.Build.0 = Debug|Any CPU
		{11B9A2A3-2B30-4721-8CBC-1C5617B30E5A}.Release|Any CPU.ActiveCfg = Release|Any CPU
		{11B9A2A3-2B30-4721-8CBC-1C5617B30E5A}.Release|Any CPU.Build.0 = Release|Any CPU
		{A6A52109-D34A-41D8-93A1-418F927C689B}.Debug|Any CPU.ActiveCfg = Debug|Any CPU
		{A6A52109-D34A-41D8-93A1-418F927C689B}.Debug|Any CPU.Build.0 = Debug|Any CPU
		{A6A52109-D34A-41D8-93A1-418F927C689B}.Release|Any CPU.ActiveCfg = Release|Any CPU
		{A6A52109-D34A-41D8-93A1-418F927C689B}.Release|Any CPU.Build.0 = Release|Any CPU
		{BD535D5E-F823-436A-8C94-E62D8B6E0589}.Debug|Any CPU.ActiveCfg = Debug|Any CPU
		{BD535D5E-F823-436A-8C94-E62D8B6E0589}.Debug|Any CPU.Build.0 = Debug|Any CPU
		{BD535D5E-F823-436A-8C94-E62D8B6E0589}.Release|Any CPU.ActiveCfg = Release|Any CPU
		{BD535D5E-F823-436A-8C94-E62D8B6E0589}.Release|Any CPU.Build.0 = Release|Any CPU
		{71933BE3-12BA-469F-ADDE-B07A8BAF9FB3}.Debug|Any CPU.ActiveCfg = Debug|Any CPU
		{71933BE3-12BA-469F-ADDE-B07A8BAF9FB3}.Debug|Any CPU.Build.0 = Debug|Any CPU
		{71933BE3-12BA-469F-ADDE-B07A8BAF9FB3}.Release|Any CPU.ActiveCfg = Release|Any CPU
		{71933BE3-12BA-469F-ADDE-B07A8BAF9FB3}.Release|Any CPU.Build.0 = Release|Any CPU
		{313A2D1F-3A5E-45CD-A880-15E65F9D5D32}.Debug|Any CPU.ActiveCfg = Debug|Any CPU
		{313A2D1F-3A5E-45CD-A880-15E65F9D5D32}.Debug|Any CPU.Build.0 = Debug|Any CPU
		{313A2D1F-3A5E-45CD-A880-15E65F9D5D32}.Release|Any CPU.ActiveCfg = Release|Any CPU
		{313A2D1F-3A5E-45CD-A880-15E65F9D5D32}.Release|Any CPU.Build.0 = Release|Any CPU
		{286C8DC6-9BFF-4009-A88D-5344EE5A4E93}.Debug|Any CPU.ActiveCfg = Debug|Any CPU
		{286C8DC6-9BFF-4009-A88D-5344EE5A4E93}.Debug|Any CPU.Build.0 = Debug|Any CPU
		{286C8DC6-9BFF-4009-A88D-5344EE5A4E93}.Release|Any CPU.ActiveCfg = Release|Any CPU
		{286C8DC6-9BFF-4009-A88D-5344EE5A4E93}.Release|Any CPU.Build.0 = Release|Any CPU
		{6C14CAEF-7523-4C10-871A-A29F0061EDDF}.Debug|Any CPU.ActiveCfg = Debug|Any CPU
		{6C14CAEF-7523-4C10-871A-A29F0061EDDF}.Debug|Any CPU.Build.0 = Debug|Any CPU
		{6C14CAEF-7523-4C10-871A-A29F0061EDDF}.Release|Any CPU.ActiveCfg = Release|Any CPU
		{6C14CAEF-7523-4C10-871A-A29F0061EDDF}.Release|Any CPU.Build.0 = Release|Any CPU
		{45DCBEAF-B609-44CD-A6C0-13B23275A7B0}.Debug|Any CPU.ActiveCfg = Debug|Any CPU
		{45DCBEAF-B609-44CD-A6C0-13B23275A7B0}.Debug|Any CPU.Build.0 = Debug|Any CPU
		{45DCBEAF-B609-44CD-A6C0-13B23275A7B0}.Release|Any CPU.ActiveCfg = Release|Any CPU
		{45DCBEAF-B609-44CD-A6C0-13B23275A7B0}.Release|Any CPU.Build.0 = Release|Any CPU
		{CA1E80AC-3196-4F2A-BC98-C7F20FB45796}.Debug|Any CPU.ActiveCfg = Debug|Any CPU
		{CA1E80AC-3196-4F2A-BC98-C7F20FB45796}.Debug|Any CPU.Build.0 = Debug|Any CPU
		{CA1E80AC-3196-4F2A-BC98-C7F20FB45796}.Release|Any CPU.ActiveCfg = Release|Any CPU
		{CA1E80AC-3196-4F2A-BC98-C7F20FB45796}.Release|Any CPU.Build.0 = Release|Any CPU
		{717C9551-F8E1-4DC9-8C8F-A6CC2C5DA956}.Debug|Any CPU.ActiveCfg = Debug|Any CPU
		{717C9551-F8E1-4DC9-8C8F-A6CC2C5DA956}.Debug|Any CPU.Build.0 = Debug|Any CPU
		{717C9551-F8E1-4DC9-8C8F-A6CC2C5DA956}.Release|Any CPU.ActiveCfg = Release|Any CPU
		{717C9551-F8E1-4DC9-8C8F-A6CC2C5DA956}.Release|Any CPU.Build.0 = Release|Any CPU
		{C0263CDA-9FDA-4A44-8CE0-09C2BC26CB93}.Debug|Any CPU.ActiveCfg = Debug|Any CPU
		{C0263CDA-9FDA-4A44-8CE0-09C2BC26CB93}.Debug|Any CPU.Build.0 = Debug|Any CPU
		{C0263CDA-9FDA-4A44-8CE0-09C2BC26CB93}.Release|Any CPU.ActiveCfg = Release|Any CPU
		{C0263CDA-9FDA-4A44-8CE0-09C2BC26CB93}.Release|Any CPU.Build.0 = Release|Any CPU
		{40731DA1-D0C7-4931-9270-54122E91CEA1}.Debug|Any CPU.ActiveCfg = Debug|Any CPU
		{40731DA1-D0C7-4931-9270-54122E91CEA1}.Debug|Any CPU.Build.0 = Debug|Any CPU
		{40731DA1-D0C7-4931-9270-54122E91CEA1}.Release|Any CPU.ActiveCfg = Release|Any CPU
		{40731DA1-D0C7-4931-9270-54122E91CEA1}.Release|Any CPU.Build.0 = Release|Any CPU
		{FA89E334-55FA-4A17-88DA-06F04E06D044}.Debug|Any CPU.ActiveCfg = Debug|Any CPU
		{FA89E334-55FA-4A17-88DA-06F04E06D044}.Debug|Any CPU.Build.0 = Debug|Any CPU
		{FA89E334-55FA-4A17-88DA-06F04E06D044}.Release|Any CPU.ActiveCfg = Release|Any CPU
		{FA89E334-55FA-4A17-88DA-06F04E06D044}.Release|Any CPU.Build.0 = Release|Any CPU
		{103FAC23-F438-45BC-8A60-FB4F87F986BF}.Debug|Any CPU.ActiveCfg = Debug|Any CPU
		{103FAC23-F438-45BC-8A60-FB4F87F986BF}.Debug|Any CPU.Build.0 = Debug|Any CPU
		{103FAC23-F438-45BC-8A60-FB4F87F986BF}.Release|Any CPU.ActiveCfg = Release|Any CPU
		{103FAC23-F438-45BC-8A60-FB4F87F986BF}.Release|Any CPU.Build.0 = Release|Any CPU
		{EC8F9D1F-3B9F-4733-861A-87129BACE5B4}.Debug|Any CPU.ActiveCfg = Debug|Any CPU
		{EC8F9D1F-3B9F-4733-861A-87129BACE5B4}.Debug|Any CPU.Build.0 = Debug|Any CPU
		{EC8F9D1F-3B9F-4733-861A-87129BACE5B4}.Release|Any CPU.ActiveCfg = Release|Any CPU
		{EC8F9D1F-3B9F-4733-861A-87129BACE5B4}.Release|Any CPU.Build.0 = Release|Any CPU
		{BDC87BA3-D91F-474E-A015-DACDE886ACD0}.Debug|Any CPU.ActiveCfg = Debug|Any CPU
		{BDC87BA3-D91F-474E-A015-DACDE886ACD0}.Debug|Any CPU.Build.0 = Debug|Any CPU
		{BDC87BA3-D91F-474E-A015-DACDE886ACD0}.Release|Any CPU.ActiveCfg = Release|Any CPU
		{BDC87BA3-D91F-474E-A015-DACDE886ACD0}.Release|Any CPU.Build.0 = Release|Any CPU
		{493E1046-8F0D-4AA3-A965-2A2B8ED7D65F}.Debug|Any CPU.ActiveCfg = Debug|Any CPU
		{493E1046-8F0D-4AA3-A965-2A2B8ED7D65F}.Debug|Any CPU.Build.0 = Debug|Any CPU
		{493E1046-8F0D-4AA3-A965-2A2B8ED7D65F}.Release|Any CPU.ActiveCfg = Release|Any CPU
		{493E1046-8F0D-4AA3-A965-2A2B8ED7D65F}.Release|Any CPU.Build.0 = Release|Any CPU
		{4F1CD375-FD24-4F98-B3A5-5FD1516C38C7}.Debug|Any CPU.ActiveCfg = Debug|Any CPU
		{4F1CD375-FD24-4F98-B3A5-5FD1516C38C7}.Debug|Any CPU.Build.0 = Debug|Any CPU
		{4F1CD375-FD24-4F98-B3A5-5FD1516C38C7}.Release|Any CPU.ActiveCfg = Release|Any CPU
		{4F1CD375-FD24-4F98-B3A5-5FD1516C38C7}.Release|Any CPU.Build.0 = Release|Any CPU
		{8ED259F2-CF64-4B41-A696-A7257AA669EF}.Debug|Any CPU.ActiveCfg = Debug|Any CPU
		{8ED259F2-CF64-4B41-A696-A7257AA669EF}.Debug|Any CPU.Build.0 = Debug|Any CPU
		{8ED259F2-CF64-4B41-A696-A7257AA669EF}.Release|Any CPU.ActiveCfg = Release|Any CPU
		{8ED259F2-CF64-4B41-A696-A7257AA669EF}.Release|Any CPU.Build.0 = Release|Any CPU
		{2D14F01B-973E-402E-AB19-6F102760E437}.Debug|Any CPU.ActiveCfg = Debug|Any CPU
		{2D14F01B-973E-402E-AB19-6F102760E437}.Debug|Any CPU.Build.0 = Debug|Any CPU
		{2D14F01B-973E-402E-AB19-6F102760E437}.Release|Any CPU.ActiveCfg = Release|Any CPU
		{2D14F01B-973E-402E-AB19-6F102760E437}.Release|Any CPU.Build.0 = Release|Any CPU
		{1D4DEC75-8AFD-4947-9C3E-CFD32581E136}.Debug|Any CPU.ActiveCfg = Debug|Any CPU
		{1D4DEC75-8AFD-4947-9C3E-CFD32581E136}.Debug|Any CPU.Build.0 = Debug|Any CPU
		{1D4DEC75-8AFD-4947-9C3E-CFD32581E136}.Release|Any CPU.ActiveCfg = Release|Any CPU
		{1D4DEC75-8AFD-4947-9C3E-CFD32581E136}.Release|Any CPU.Build.0 = Release|Any CPU
		{B09DB461-D893-44CD-8F1D-E41C6222BB91}.Debug|Any CPU.ActiveCfg = Debug|Any CPU
		{B09DB461-D893-44CD-8F1D-E41C6222BB91}.Debug|Any CPU.Build.0 = Debug|Any CPU
		{B09DB461-D893-44CD-8F1D-E41C6222BB91}.Release|Any CPU.ActiveCfg = Release|Any CPU
		{B09DB461-D893-44CD-8F1D-E41C6222BB91}.Release|Any CPU.Build.0 = Release|Any CPU
		{6AB092BD-CDAE-4D9D-901C-4A19E80E0042}.Debug|Any CPU.ActiveCfg = Debug|Any CPU
		{6AB092BD-CDAE-4D9D-901C-4A19E80E0042}.Debug|Any CPU.Build.0 = Debug|Any CPU
		{6AB092BD-CDAE-4D9D-901C-4A19E80E0042}.Release|Any CPU.ActiveCfg = Release|Any CPU
		{6AB092BD-CDAE-4D9D-901C-4A19E80E0042}.Release|Any CPU.Build.0 = Release|Any CPU
	EndGlobalSection
	GlobalSection(SolutionProperties) = preSolution
		HideSolutionNode = FALSE
	EndGlobalSection
	GlobalSection(ExtensibilityGlobals) = postSolution
		SolutionGuid = {54D5C7A6-D750-4ED1-9295-479151D016C5}
	EndGlobalSection
	GlobalSection(NestedProjects) = preSolution
		{37B2A20C-E5FF-41A1-BD37-269604F25F84} = {3E47B792-BA00-4E43-8905-D9C58B53CC5D}
		{B71C1B2A-15DF-4805-8B9D-A56CE260027F} = {3E47B792-BA00-4E43-8905-D9C58B53CC5D}
		{36BB167E-563D-49F1-8604-98D31A7892A1} = {3E47B792-BA00-4E43-8905-D9C58B53CC5D}
		{FF03A5A6-5324-4864-8B26-51E26758AAD6} = {3E47B792-BA00-4E43-8905-D9C58B53CC5D}
		{AD301D3E-8ECD-44D1-943E-CBCDA036E0F3} = {3E47B792-BA00-4E43-8905-D9C58B53CC5D}
		{03E09653-ECA1-4C1C-9CEE-33992DEE67DA} = {3E47B792-BA00-4E43-8905-D9C58B53CC5D}
		{E9167A16-F5BA-4C39-B35F-AA617C3546EF} = {3E47B792-BA00-4E43-8905-D9C58B53CC5D}
		{11B9A2A3-2B30-4721-8CBC-1C5617B30E5A} = {3E47B792-BA00-4E43-8905-D9C58B53CC5D}
		{A6A52109-D34A-41D8-93A1-418F927C689B} = {3E47B792-BA00-4E43-8905-D9C58B53CC5D}
		{BD535D5E-F823-436A-8C94-E62D8B6E0589} = {3E47B792-BA00-4E43-8905-D9C58B53CC5D}
		{71933BE3-12BA-469F-ADDE-B07A8BAF9FB3} = {3E47B792-BA00-4E43-8905-D9C58B53CC5D}
		{313A2D1F-3A5E-45CD-A880-15E65F9D5D32} = {3E47B792-BA00-4E43-8905-D9C58B53CC5D}
		{286C8DC6-9BFF-4009-A88D-5344EE5A4E93} = {3E47B792-BA00-4E43-8905-D9C58B53CC5D}
		{6C14CAEF-7523-4C10-871A-A29F0061EDDF} = {DC6F7111-1057-40B8-A3BB-CE2B72B5E0EB}
		{45DCBEAF-B609-44CD-A6C0-13B23275A7B0} = {DC6F7111-1057-40B8-A3BB-CE2B72B5E0EB}
		{CA1E80AC-3196-4F2A-BC98-C7F20FB45796} = {DC6F7111-1057-40B8-A3BB-CE2B72B5E0EB}
		{717C9551-F8E1-4DC9-8C8F-A6CC2C5DA956} = {3E47B792-BA00-4E43-8905-D9C58B53CC5D}
		{C0263CDA-9FDA-4A44-8CE0-09C2BC26CB93} = {9C95F7B7-907F-40E7-933E-A2E953211C0A}
		{40731DA1-D0C7-4931-9270-54122E91CEA1} = {9C95F7B7-907F-40E7-933E-A2E953211C0A}
		{FA89E334-55FA-4A17-88DA-06F04E06D044} = {9C95F7B7-907F-40E7-933E-A2E953211C0A}
		{103FAC23-F438-45BC-8A60-FB4F87F986BF} = {9C95F7B7-907F-40E7-933E-A2E953211C0A}
		{EC8F9D1F-3B9F-4733-861A-87129BACE5B4} = {DC6F7111-1057-40B8-A3BB-CE2B72B5E0EB}
		{BDC87BA3-D91F-474E-A015-DACDE886ACD0} = {DC6F7111-1057-40B8-A3BB-CE2B72B5E0EB}
		{493E1046-8F0D-4AA3-A965-2A2B8ED7D65F} = {DC6F7111-1057-40B8-A3BB-CE2B72B5E0EB}
		{4F1CD375-FD24-4F98-B3A5-5FD1516C38C7} = {DC6F7111-1057-40B8-A3BB-CE2B72B5E0EB}
		{8ED259F2-CF64-4B41-A696-A7257AA669EF} = {DC6F7111-1057-40B8-A3BB-CE2B72B5E0EB}
		{2D14F01B-973E-402E-AB19-6F102760E437} = {3E47B792-BA00-4E43-8905-D9C58B53CC5D}
		{1D4DEC75-8AFD-4947-9C3E-CFD32581E136} = {9C95F7B7-907F-40E7-933E-A2E953211C0A}
		{B09DB461-D893-44CD-8F1D-E41C6222BB91} = {9C95F7B7-907F-40E7-933E-A2E953211C0A}
		{6AB092BD-CDAE-4D9D-901C-4A19E80E0042} = {9C95F7B7-907F-40E7-933E-A2E953211C0A}
	EndGlobalSection
EndGlobal
