
Microsoft Visual Studio Solution File, Format Version 12.00
# Visual Studio Version 16
VisualStudioVersion = 16.0.29020.237
MinimumVisualStudioVersion = 10.0.40219.1
Project("{2150E333-8FDC-42A3-9474-1A3956D46DE8}") = "src", "src", "{CA9AC87F-097E-4F15-8393-4BC07735A5B0}"
EndProject
Project("{2150E333-8FDC-42A3-9474-1A3956D46DE8}") = "test", "test", "{04DBDB01-70F4-4E06-B468-8F87850B22BE}"
EndProject
Project("{9A19103F-16F7-4668-BE54-9A1E7A4F7556}") = "MediaInAction.IdentityService.Application.Tests", "test\MediaInAction.IdentityService.Application.Tests\MediaInAction.IdentityService.Application.Tests.csproj", "{50B2631D-129C-47B3-A587-029CCD6099BC}"
EndProject
Project("{9A19103F-16F7-4668-BE54-9A1E7A4F7556}") = "MediaInAction.IdentityService.EntityFrameworkCore.Tests", "test\MediaInAction.IdentityService.EntityFrameworkCore.Tests\MediaInAction.IdentityService.EntityFrameworkCore.Tests.csproj", "{1FE30EB9-74A9-47F5-A9F6-7B1FAB672D81}"
EndProject
Project("{9A19103F-16F7-4668-BE54-9A1E7A4F7556}") = "MediaInAction.IdentityService.TestBase", "test\MediaInAction.IdentityService.TestBase\MediaInAction.IdentityService.TestBase.csproj", "{91853F21-9CD9-4132-BC29-A7D5D84FFFE7}"
EndProject
Project("{9A19103F-16F7-4668-BE54-9A1E7A4F7556}") = "MediaInAction.IdentityService.Domain.Tests", "test\MediaInAction.IdentityService.Domain.Tests\MediaInAction.IdentityService.Domain.Tests.csproj", "{E512F4D9-9375-480F-A2F6-A46509F9D824}"
EndProject
Project("{FAE04EC0-301F-11D3-BF4B-00C04F79EFBC}") = "MediaInAction.IdentityService.Application", "MediaInAction.IdentityService.Application\MediaInAction.IdentityService.Application.csproj", "{1DA146EB-555D-4ACD-9597-616C2CDED39C}"
EndProject
Project("{FAE04EC0-301F-11D3-BF4B-00C04F79EFBC}") = "MediaInAction.IdentityService.Application.Contracts", "MediaInAction.IdentityService.Application.Contracts\MediaInAction.IdentityService.Application.Contracts.csproj", "{23FD6127-46F7-48E2-A951-1020D4EB9E59}"
EndProject
Project("{FAE04EC0-301F-11D3-BF4B-00C04F79EFBC}") = "MediaInAction.IdentityService.Domain", "MediaInAction.IdentityService.Domain\MediaInAction.IdentityService.Domain.csproj", "{09D43A89-2396-4B04-97A5-9265A92F84D1}"
EndProject
Project("{FAE04EC0-301F-11D3-BF4B-00C04F79EFBC}") = "MediaInAction.IdentityService.Domain.Shared", "MediaInAction.IdentityService.Domain.Shared\MediaInAction.IdentityService.Domain.Shared.csproj", "{FE72540B-0F55-4AEF-BF60-C5FB1556867F}"
EndProject
Project("{FAE04EC0-301F-11D3-BF4B-00C04F79EFBC}") = "MediaInAction.IdentityService.EntityFrameworkCore", "MediaInAction.IdentityService.EntityFrameworkCore\MediaInAction.IdentityService.EntityFrameworkCore.csproj", "{3429A2F7-0495-4037-A3F1-D81872A6A3DC}"
EndProject
Project("{FAE04EC0-301F-11D3-BF4B-00C04F79EFBC}") = "MediaInAction.IdentityService.HttpApi", "MediaInAction.IdentityService.HttpApi\MediaInAction.IdentityService.HttpApi.csproj", "{4DE9F5EF-7234-4F33-98B9-DE793676B5F9}"
EndProject
Project("{FAE04EC0-301F-11D3-BF4B-00C04F79EFBC}") = "MediaInAction.IdentityService.HttpApi.Host", "MediaInAction.IdentityService.HttpApi.Host\MediaInAction.IdentityService.HttpApi.Host.csproj", "{27343895-BE3B-4A26-87BB-88F5A1324DBC}"
EndProject
Project("{FAE04EC0-301F-11D3-BF4B-00C04F79EFBC}") = "MediaInAction.IdentityService.HttpApi.Client", "MediaInAction.IdentityService.HttpApi.Client\MediaInAction.IdentityService.HttpApi.Client.csproj", "{59DCF646-93B4-43CF-9905-FAB555A2029B}"
EndProject
Project("{FAE04EC0-301F-11D3-BF4B-00C04F79EFBC}") = "MediaInAction.IdentityService.Application.Tests", "MediaInAction.IdentityService.Application.Tests\MediaInAction.IdentityService.Application.Tests.csproj", "{587EE584-8537-4244-800E-FFAFF7B50E53}"
EndProject
Project("{FAE04EC0-301F-11D3-BF4B-00C04F79EFBC}") = "MediaInAction.IdentityService.TestBase", "MediaInAction.IdentityService.TestBase\MediaInAction.IdentityService.TestBase.csproj", "{00246B20-146D-4BA1-B9B3-BEC699F65BD6}"
EndProject
Project("{FAE04EC0-301F-11D3-BF4B-00C04F79EFBC}") = "MediaInAction.IdentityService.Domain.Tests", "MediaInAction.IdentityService.Domain.Tests\MediaInAction.IdentityService.Domain.Tests.csproj", "{1611AC79-26F7-4558-84A6-F3448159A057}"
EndProject
Project("{2150E333-8FDC-42A3-9474-1A3956D46DE8}") = "shared", "shared", "{4940E51B-74C0-4156-9D67-82BCD55CDFC1}"
EndProject
Project("{FAE04EC0-301F-11D3-BF4B-00C04F79EFBC}") = "MediaInAction.IdentityService.EntityFrameworkCore.Tests", "MediaInAction.IdentityService.EntityFrameworkCore.Tests\MediaInAction.IdentityService.EntityFrameworkCore.Tests.csproj", "{8B44B37F-278E-48D3-ABA5-9DC1934D6ADF}"
EndProject
Project("{FAE04EC0-301F-11D3-BF4B-00C04F79EFBC}") = "MediaInAction.Shared.Hosting.Gateways", "..\..\shared\MediaInAction.Shared.Hosting.Gateways\MediaInAction.Shared.Hosting.Gateways.csproj", "{37FA8586-9FCB-4F04-A267-EACCC6F0ACE7}"
EndProject
Project("{FAE04EC0-301F-11D3-BF4B-00C04F79EFBC}") = "MediaInAction.Shared.Hosting.Microservices", "..\..\shared\MediaInAction.Shared.Hosting.Microservices\MediaInAction.Shared.Hosting.Microservices.csproj", "{1A36F188-FE70-4F4F-A2AB-54C7675039F8}"
EndProject
Project("{FAE04EC0-301F-11D3-BF4B-00C04F79EFBC}") = "MediaInAction.Shared.Hosting.AspNetCore", "..\..\shared\MediaInAction.Shared.Hosting.AspNetCore\MediaInAction.Shared.Hosting.AspNetCore.csproj", "{7C9EF354-B61B-473D-838A-0C625A5F3780}"
EndProject
Global
	GlobalSection(SolutionConfigurationPlatforms) = preSolution
		Debug|Any CPU = Debug|Any CPU
		Release|Any CPU = Release|Any CPU
	EndGlobalSection
	GlobalSection(ProjectConfigurationPlatforms) = postSolution
		{50B2631D-129C-47B3-A587-029CCD6099BC}.Debug|Any CPU.ActiveCfg = Debug|Any CPU
		{50B2631D-129C-47B3-A587-029CCD6099BC}.Debug|Any CPU.Build.0 = Debug|Any CPU
		{50B2631D-129C-47B3-A587-029CCD6099BC}.Release|Any CPU.ActiveCfg = Release|Any CPU
		{50B2631D-129C-47B3-A587-029CCD6099BC}.Release|Any CPU.Build.0 = Release|Any CPU
		{1FE30EB9-74A9-47F5-A9F6-7B1FAB672D81}.Debug|Any CPU.ActiveCfg = Debug|Any CPU
		{1FE30EB9-74A9-47F5-A9F6-7B1FAB672D81}.Debug|Any CPU.Build.0 = Debug|Any CPU
		{1FE30EB9-74A9-47F5-A9F6-7B1FAB672D81}.Release|Any CPU.ActiveCfg = Release|Any CPU
		{1FE30EB9-74A9-47F5-A9F6-7B1FAB672D81}.Release|Any CPU.Build.0 = Release|Any CPU
		{91853F21-9CD9-4132-BC29-A7D5D84FFFE7}.Debug|Any CPU.ActiveCfg = Debug|Any CPU
		{91853F21-9CD9-4132-BC29-A7D5D84FFFE7}.Debug|Any CPU.Build.0 = Debug|Any CPU
		{91853F21-9CD9-4132-BC29-A7D5D84FFFE7}.Release|Any CPU.ActiveCfg = Release|Any CPU
		{91853F21-9CD9-4132-BC29-A7D5D84FFFE7}.Release|Any CPU.Build.0 = Release|Any CPU
		{E512F4D9-9375-480F-A2F6-A46509F9D824}.Debug|Any CPU.ActiveCfg = Debug|Any CPU
		{E512F4D9-9375-480F-A2F6-A46509F9D824}.Debug|Any CPU.Build.0 = Debug|Any CPU
		{E512F4D9-9375-480F-A2F6-A46509F9D824}.Release|Any CPU.ActiveCfg = Release|Any CPU
		{E512F4D9-9375-480F-A2F6-A46509F9D824}.Release|Any CPU.Build.0 = Release|Any CPU
		{1DA146EB-555D-4ACD-9597-616C2CDED39C}.Debug|Any CPU.ActiveCfg = Debug|Any CPU
		{1DA146EB-555D-4ACD-9597-616C2CDED39C}.Debug|Any CPU.Build.0 = Debug|Any CPU
		{1DA146EB-555D-4ACD-9597-616C2CDED39C}.Release|Any CPU.ActiveCfg = Release|Any CPU
		{1DA146EB-555D-4ACD-9597-616C2CDED39C}.Release|Any CPU.Build.0 = Release|Any CPU
		{23FD6127-46F7-48E2-A951-1020D4EB9E59}.Debug|Any CPU.ActiveCfg = Debug|Any CPU
		{23FD6127-46F7-48E2-A951-1020D4EB9E59}.Debug|Any CPU.Build.0 = Debug|Any CPU
		{23FD6127-46F7-48E2-A951-1020D4EB9E59}.Release|Any CPU.ActiveCfg = Release|Any CPU
		{23FD6127-46F7-48E2-A951-1020D4EB9E59}.Release|Any CPU.Build.0 = Release|Any CPU
		{09D43A89-2396-4B04-97A5-9265A92F84D1}.Debug|Any CPU.ActiveCfg = Debug|Any CPU
		{09D43A89-2396-4B04-97A5-9265A92F84D1}.Debug|Any CPU.Build.0 = Debug|Any CPU
		{09D43A89-2396-4B04-97A5-9265A92F84D1}.Release|Any CPU.ActiveCfg = Release|Any CPU
		{09D43A89-2396-4B04-97A5-9265A92F84D1}.Release|Any CPU.Build.0 = Release|Any CPU
		{FE72540B-0F55-4AEF-BF60-C5FB1556867F}.Debug|Any CPU.ActiveCfg = Debug|Any CPU
		{FE72540B-0F55-4AEF-BF60-C5FB1556867F}.Debug|Any CPU.Build.0 = Debug|Any CPU
		{FE72540B-0F55-4AEF-BF60-C5FB1556867F}.Release|Any CPU.ActiveCfg = Release|Any CPU
		{FE72540B-0F55-4AEF-BF60-C5FB1556867F}.Release|Any CPU.Build.0 = Release|Any CPU
		{3429A2F7-0495-4037-A3F1-D81872A6A3DC}.Debug|Any CPU.ActiveCfg = Debug|Any CPU
		{3429A2F7-0495-4037-A3F1-D81872A6A3DC}.Debug|Any CPU.Build.0 = Debug|Any CPU
		{3429A2F7-0495-4037-A3F1-D81872A6A3DC}.Release|Any CPU.ActiveCfg = Release|Any CPU
		{3429A2F7-0495-4037-A3F1-D81872A6A3DC}.Release|Any CPU.Build.0 = Release|Any CPU
		{4DE9F5EF-7234-4F33-98B9-DE793676B5F9}.Debug|Any CPU.ActiveCfg = Debug|Any CPU
		{4DE9F5EF-7234-4F33-98B9-DE793676B5F9}.Debug|Any CPU.Build.0 = Debug|Any CPU
		{4DE9F5EF-7234-4F33-98B9-DE793676B5F9}.Release|Any CPU.ActiveCfg = Release|Any CPU
		{4DE9F5EF-7234-4F33-98B9-DE793676B5F9}.Release|Any CPU.Build.0 = Release|Any CPU
		{27343895-BE3B-4A26-87BB-88F5A1324DBC}.Debug|Any CPU.ActiveCfg = Debug|Any CPU
		{27343895-BE3B-4A26-87BB-88F5A1324DBC}.Debug|Any CPU.Build.0 = Debug|Any CPU
		{27343895-BE3B-4A26-87BB-88F5A1324DBC}.Release|Any CPU.ActiveCfg = Release|Any CPU
		{27343895-BE3B-4A26-87BB-88F5A1324DBC}.Release|Any CPU.Build.0 = Release|Any CPU
		{59DCF646-93B4-43CF-9905-FAB555A2029B}.Debug|Any CPU.ActiveCfg = Debug|Any CPU
		{59DCF646-93B4-43CF-9905-FAB555A2029B}.Debug|Any CPU.Build.0 = Debug|Any CPU
		{59DCF646-93B4-43CF-9905-FAB555A2029B}.Release|Any CPU.ActiveCfg = Release|Any CPU
		{59DCF646-93B4-43CF-9905-FAB555A2029B}.Release|Any CPU.Build.0 = Release|Any CPU
		{587EE584-8537-4244-800E-FFAFF7B50E53}.Debug|Any CPU.ActiveCfg = Debug|Any CPU
		{587EE584-8537-4244-800E-FFAFF7B50E53}.Debug|Any CPU.Build.0 = Debug|Any CPU
		{587EE584-8537-4244-800E-FFAFF7B50E53}.Release|Any CPU.ActiveCfg = Release|Any CPU
		{587EE584-8537-4244-800E-FFAFF7B50E53}.Release|Any CPU.Build.0 = Release|Any CPU
		{00246B20-146D-4BA1-B9B3-BEC699F65BD6}.Debug|Any CPU.ActiveCfg = Debug|Any CPU
		{00246B20-146D-4BA1-B9B3-BEC699F65BD6}.Debug|Any CPU.Build.0 = Debug|Any CPU
		{00246B20-146D-4BA1-B9B3-BEC699F65BD6}.Release|Any CPU.ActiveCfg = Release|Any CPU
		{00246B20-146D-4BA1-B9B3-BEC699F65BD6}.Release|Any CPU.Build.0 = Release|Any CPU
		{1611AC79-26F7-4558-84A6-F3448159A057}.Debug|Any CPU.ActiveCfg = Debug|Any CPU
		{1611AC79-26F7-4558-84A6-F3448159A057}.Debug|Any CPU.Build.0 = Debug|Any CPU
		{1611AC79-26F7-4558-84A6-F3448159A057}.Release|Any CPU.ActiveCfg = Release|Any CPU
		{1611AC79-26F7-4558-84A6-F3448159A057}.Release|Any CPU.Build.0 = Release|Any CPU
		{8B44B37F-278E-48D3-ABA5-9DC1934D6ADF}.Debug|Any CPU.ActiveCfg = Debug|Any CPU
		{8B44B37F-278E-48D3-ABA5-9DC1934D6ADF}.Debug|Any CPU.Build.0 = Debug|Any CPU
		{8B44B37F-278E-48D3-ABA5-9DC1934D6ADF}.Release|Any CPU.ActiveCfg = Release|Any CPU
		{8B44B37F-278E-48D3-ABA5-9DC1934D6ADF}.Release|Any CPU.Build.0 = Release|Any CPU
		{37FA8586-9FCB-4F04-A267-EACCC6F0ACE7}.Debug|Any CPU.ActiveCfg = Debug|Any CPU
		{37FA8586-9FCB-4F04-A267-EACCC6F0ACE7}.Debug|Any CPU.Build.0 = Debug|Any CPU
		{37FA8586-9FCB-4F04-A267-EACCC6F0ACE7}.Release|Any CPU.ActiveCfg = Release|Any CPU
		{37FA8586-9FCB-4F04-A267-EACCC6F0ACE7}.Release|Any CPU.Build.0 = Release|Any CPU
		{1A36F188-FE70-4F4F-A2AB-54C7675039F8}.Debug|Any CPU.ActiveCfg = Debug|Any CPU
		{1A36F188-FE70-4F4F-A2AB-54C7675039F8}.Debug|Any CPU.Build.0 = Debug|Any CPU
		{1A36F188-FE70-4F4F-A2AB-54C7675039F8}.Release|Any CPU.ActiveCfg = Release|Any CPU
		{1A36F188-FE70-4F4F-A2AB-54C7675039F8}.Release|Any CPU.Build.0 = Release|Any CPU
		{7C9EF354-B61B-473D-838A-0C625A5F3780}.Debug|Any CPU.ActiveCfg = Debug|Any CPU
		{7C9EF354-B61B-473D-838A-0C625A5F3780}.Debug|Any CPU.Build.0 = Debug|Any CPU
		{7C9EF354-B61B-473D-838A-0C625A5F3780}.Release|Any CPU.ActiveCfg = Release|Any CPU
		{7C9EF354-B61B-473D-838A-0C625A5F3780}.Release|Any CPU.Build.0 = Release|Any CPU
	EndGlobalSection
	GlobalSection(SolutionProperties) = preSolution
		HideSolutionNode = FALSE
	EndGlobalSection
	GlobalSection(NestedProjects) = preSolution
		{50B2631D-129C-47B3-A587-029CCD6099BC} = {04DBDB01-70F4-4E06-B468-8F87850B22BE}
		{1FE30EB9-74A9-47F5-A9F6-7B1FAB672D81} = {04DBDB01-70F4-4E06-B468-8F87850B22BE}
		{91853F21-9CD9-4132-BC29-A7D5D84FFFE7} = {04DBDB01-70F4-4E06-B468-8F87850B22BE}
		{E512F4D9-9375-480F-A2F6-A46509F9D824} = {04DBDB01-70F4-4E06-B468-8F87850B22BE}
		{1DA146EB-555D-4ACD-9597-616C2CDED39C} = {CA9AC87F-097E-4F15-8393-4BC07735A5B0}
		{23FD6127-46F7-48E2-A951-1020D4EB9E59} = {CA9AC87F-097E-4F15-8393-4BC07735A5B0}
		{09D43A89-2396-4B04-97A5-9265A92F84D1} = {CA9AC87F-097E-4F15-8393-4BC07735A5B0}
		{FE72540B-0F55-4AEF-BF60-C5FB1556867F} = {CA9AC87F-097E-4F15-8393-4BC07735A5B0}
		{3429A2F7-0495-4037-A3F1-D81872A6A3DC} = {CA9AC87F-097E-4F15-8393-4BC07735A5B0}
		{4DE9F5EF-7234-4F33-98B9-DE793676B5F9} = {CA9AC87F-097E-4F15-8393-4BC07735A5B0}
		{27343895-BE3B-4A26-87BB-88F5A1324DBC} = {CA9AC87F-097E-4F15-8393-4BC07735A5B0}
		{59DCF646-93B4-43CF-9905-FAB555A2029B} = {CA9AC87F-097E-4F15-8393-4BC07735A5B0}
		{587EE584-8537-4244-800E-FFAFF7B50E53} = {CA9AC87F-097E-4F15-8393-4BC07735A5B0}
		{00246B20-146D-4BA1-B9B3-BEC699F65BD6} = {CA9AC87F-097E-4F15-8393-4BC07735A5B0}
		{1611AC79-26F7-4558-84A6-F3448159A057} = {CA9AC87F-097E-4F15-8393-4BC07735A5B0}
		{8B44B37F-278E-48D3-ABA5-9DC1934D6ADF} = {CA9AC87F-097E-4F15-8393-4BC07735A5B0}
		{37FA8586-9FCB-4F04-A267-EACCC6F0ACE7} = {4940E51B-74C0-4156-9D67-82BCD55CDFC1}
		{1A36F188-FE70-4F4F-A2AB-54C7675039F8} = {4940E51B-74C0-4156-9D67-82BCD55CDFC1}
		{7C9EF354-B61B-473D-838A-0C625A5F3780} = {4940E51B-74C0-4156-9D67-82BCD55CDFC1}
	EndGlobalSection
	GlobalSection(ExtensibilityGlobals) = postSolution
		SolutionGuid = {6AAFA1C6-603E-13FA-45E5-7910AA9F661D}
	EndGlobalSection
EndGlobal
