
Microsoft Visual Studio Solution File, Format Version 12.00
Project("{2150E333-8FDC-42A3-9474-1A3956D46DE8}") = "src", "src", "{332BD7AE-41B2-4F61-B743-69CC7F70C5CD}"
EndProject
Project("{2150E333-8FDC-42A3-9474-1A3956D46DE8}") = "test", "test", "{8CD8083E-F0CE-4233-8754-A0D25B720CA1}"
EndProject
Project("{2150E333-8FDC-42A3-9474-1A3956D46DE8}") = "shared", "shared", "{F3073352-ED10-4298-B95C-4B8E8E00032F}"
EndProject
Project("{FAE04EC0-301F-11D3-BF4B-00C04F79EFBC}") = "MediaInAction.Shared.Hosting.Microservices", "..\..\shared\MediaInAction.Shared.Hosting.Microservices\MediaInAction.Shared.Hosting.Microservices.csproj", "{09359D53-B77C-495F-A51C-20B59E0DCA06}"
EndProject
Project("{FAE04EC0-301F-11D3-BF4B-00C04F79EFBC}") = "MediaInAction.Shared.Hosting.AspNetCore", "..\..\shared\MediaInAction.Shared.Hosting.AspNetCore\MediaInAction.Shared.Hosting.AspNetCore.csproj", "{31120C52-60BB-49E6-B359-F86556C83D63}"
EndProject
Project("{FAE04EC0-301F-11D3-BF4B-00C04F79EFBC}") = "MediaInAction.EmbyService.Application", "MediaInAction.EmbyService.Application\MediaInAction.EmbyService.Application.csproj", "{3BDF7601-80F9-4E54-8251-47E7B26D1C84}"
EndProject
Project("{FAE04EC0-301F-11D3-BF4B-00C04F79EFBC}") = "MediaInAction.EmbyService.Application.Tests", "MediaInAction.EmbyService.Application.Tests\MediaInAction.EmbyService.Application.Tests.csproj", "{A89E3312-E17F-4706-B489-253FAC2BF177}"
EndProject
Project("{FAE04EC0-301F-11D3-BF4B-00C04F79EFBC}") = "MediaInAction.EmbyService.Domain.Shared", "MediaInAction.EmbyService.Domain.Shared\MediaInAction.EmbyService.Domain.Shared.csproj", "{96D6C7BE-76CD-4914-879F-8A1B5CEEC98C}"
EndProject
Project("{FAE04EC0-301F-11D3-BF4B-00C04F79EFBC}") = "MediaInAction.EmbyService.Domain", "MediaInAction.EmbyService.Domain\MediaInAction.EmbyService.Domain.csproj", "{EC01B70A-FD9C-4E6F-973C-ABB309EF0157}"
EndProject
Project("{FAE04EC0-301F-11D3-BF4B-00C04F79EFBC}") = "MediaInAction.EmbyService.Application.Contracts", "MediaInAction.EmbyService.Application.Contracts\MediaInAction.EmbyService.Application.Contracts.csproj", "{7C5F0098-E792-4B75-AF15-1FD238D00254}"
EndProject
Project("{FAE04EC0-301F-11D3-BF4B-00C04F79EFBC}") = "MediaInAction.EmbyService.BackgroundWorkers", "MediaInAction.EmbyService.BackgroundWorkers\MediaInAction.EmbyService.BackgroundWorkers.csproj", "{901CA803-24D0-4908-9E79-A2FA7B828F76}"
EndProject
Project("{FAE04EC0-301F-11D3-BF4B-00C04F79EFBC}") = "MediaInAction.EmbyService.HttpApi.Host", "MediaInAction.EmbyService.HttpApi.Host\MediaInAction.EmbyService.HttpApi.Host.csproj", "{A7892514-33E2-4FD6-ABB7-5CA8FF71FACE}"
EndProject
Project("{FAE04EC0-301F-11D3-BF4B-00C04F79EFBC}") = "MediaInAction.EmbyService.Lib", "MediaInAction.EmbyService.Lib\MediaInAction.EmbyService.Lib.csproj", "{08DF3C1B-A87A-47D0-AE31-9EB6EA67ACD8}"
EndProject
Project("{FAE04EC0-301F-11D3-BF4B-00C04F79EFBC}") = "MediaInAction.EmbyService.HttpApi.Client", "MediaInAction.EmbyService.HttpApi.Client\MediaInAction.EmbyService.HttpApi.Client.csproj", "{599962A3-4789-4804-841B-E2B79D690671}"
EndProject
Project("{FAE04EC0-301F-11D3-BF4B-00C04F79EFBC}") = "MediaInAction.EmbyService.TestBase", "MediaInAction.EmbyService.TestBase\MediaInAction.EmbyService.TestBase.csproj", "{19B4EEBA-A1E0-455A-AF78-482349411AEB}"
EndProject
Project("{FAE04EC0-301F-11D3-BF4B-00C04F79EFBC}") = "MediaInAction.EmbyService.MongoDb", "MediaInAction.EmbyService.MongoDb\MediaInAction.EmbyService.MongoDb.csproj", "{809D78F7-9A4E-4822-B28A-639D0531BAD1}"
EndProject
Project("{FAE04EC0-301F-11D3-BF4B-00C04F79EFBC}") = "MediaInAction.EmbyService.MongoDb.Tests", "MediaInAction.EmbyService.MongoDb.Tests\MediaInAction.EmbyService.MongoDb.Tests.csproj", "{2215A3DF-FA1B-43C8-B39A-B594106C1AB2}"
EndProject
Project("{FAE04EC0-301F-11D3-BF4B-00C04F79EFBC}") = "MediaInAction.EmbyService.BackgroundJobs", "MediaInAction.EmbyService.BackgroundJobs\MediaInAction.EmbyService.BackgroundJobs.csproj", "{AE41C849-A9F5-4B9A-ABB8-F2D1657F4BFF}"
EndProject
Project("{2150E333-8FDC-42A3-9474-1A3956D46DE8}") = "libraries", "libraries", "{56CDC56C-57C3-4929-8851-47F615B46F72}"
EndProject
Project("{FAE04EC0-301F-11D3-BF4B-00C04F79EFBC}") = "EmbyClient.Dotnet", "..\..\libraries\EmbyClient.Dotnet\EmbyClient.Dotnet.csproj", "{DCADF6ED-F299-4EB4-B1D9-4CBA4FAB9DEE}"
EndProject
Project("{FAE04EC0-301F-11D3-BF4B-00C04F79EFBC}") = "MediaInAction.EmbyService.HttpApi", "MediaInAction.EmbyService.HttpApi\MediaInAction.EmbyService.HttpApi.csproj", "{AF18CDFD-D15F-48AF-98FD-57C9EFAEE30F}"
EndProject
Project("{FAE04EC0-301F-11D3-BF4B-00C04F79EFBC}") = "MediaInAction.EmbyService.Domain.Tests", "MediaInAction.EmbyService.Domain.Tests\MediaInAction.EmbyService.Domain.Tests.csproj", "{655AB404-2801-45AA-8E70-E269986C57D6}"
EndProject
Project("{FAE04EC0-301F-11D3-BF4B-00C04F79EFBC}") = "MediaInAction.Shared.Hosting", "..\..\shared\MediaInAction.Shared.Hosting\MediaInAction.Shared.Hosting.csproj", "{0FCFF19A-B478-437A-9926-4FFBDD4D68FD}"
EndProject
Project("{FAE04EC0-301F-11D3-BF4B-00C04F79EFBC}") = "MediaInAction.Shared.Localization", "..\..\shared\MediaInAction.Shared.Localization\MediaInAction.Shared.Localization.csproj", "{AB345A8E-AF39-4A1C-B172-F2E8F050E466}"
EndProject
Project("{2150E333-8FDC-42A3-9474-1A3956D46DE8}") = "services", "services", "{FC23EA6B-DDAB-48C1-BBEE-740DF59A96D9}"
EndProject
Project("{FAE04EC0-301F-11D3-BF4B-00C04F79EFBC}") = "MediaInAction.AdministrationService.EntityFrameworkCore", "..\administration\MediaInAction.AdministrationService.EntityFrameworkCore\MediaInAction.AdministrationService.EntityFrameworkCore.csproj", "{3686CB8B-D2DB-4B97-AE8E-7350BD2EF0DC}"
EndProject
Project("{FAE04EC0-301F-11D3-BF4B-00C04F79EFBC}") = "MediaInAction.AdministrationService.Domain", "..\administration\MediaInAction.AdministrationService.Domain\MediaInAction.AdministrationService.Domain.csproj", "{C5E4483E-FE3F-4254-83E4-3D1933B33036}"
EndProject
Project("{FAE04EC0-301F-11D3-BF4B-00C04F79EFBC}") = "MediaInAction.AdministrationService.Domain.Shared", "..\administration\MediaInAction.AdministrationService.Domain.Shared\MediaInAction.AdministrationService.Domain.Shared.csproj", "{B6F9AB4D-F314-4657-938D-483DF8E6D7CC}"
EndProject
Project("{FAE04EC0-301F-11D3-BF4B-00C04F79EFBC}") = "MediaInAction.Shared.Domain", "..\..\shared\MediaInAction.Shared.Domain\MediaInAction.Shared.Domain.csproj", "{11F70AAB-F51E-4E8C-9B03-E0BFFEF8D5EF}"
EndProject
Global
	GlobalSection(SolutionConfigurationPlatforms) = preSolution
		Debug|Any CPU = Debug|Any CPU
		Release|Any CPU = Release|Any CPU
	EndGlobalSection
	GlobalSection(NestedProjects) = preSolution
		{09359D53-B77C-495F-A51C-20B59E0DCA06} = {F3073352-ED10-4298-B95C-4B8E8E00032F}
		{31120C52-60BB-49E6-B359-F86556C83D63} = {F3073352-ED10-4298-B95C-4B8E8E00032F}
		{3BDF7601-80F9-4E54-8251-47E7B26D1C84} = {332BD7AE-41B2-4F61-B743-69CC7F70C5CD}
		{A89E3312-E17F-4706-B489-253FAC2BF177} = {332BD7AE-41B2-4F61-B743-69CC7F70C5CD}
		{96D6C7BE-76CD-4914-879F-8A1B5CEEC98C} = {332BD7AE-41B2-4F61-B743-69CC7F70C5CD}
		{EC01B70A-FD9C-4E6F-973C-ABB309EF0157} = {332BD7AE-41B2-4F61-B743-69CC7F70C5CD}
		{7C5F0098-E792-4B75-AF15-1FD238D00254} = {332BD7AE-41B2-4F61-B743-69CC7F70C5CD}
		{901CA803-24D0-4908-9E79-A2FA7B828F76} = {332BD7AE-41B2-4F61-B743-69CC7F70C5CD}
		{A7892514-33E2-4FD6-ABB7-5CA8FF71FACE} = {332BD7AE-41B2-4F61-B743-69CC7F70C5CD}
		{08DF3C1B-A87A-47D0-AE31-9EB6EA67ACD8} = {332BD7AE-41B2-4F61-B743-69CC7F70C5CD}
		{599962A3-4789-4804-841B-E2B79D690671} = {332BD7AE-41B2-4F61-B743-69CC7F70C5CD}
		{19B4EEBA-A1E0-455A-AF78-482349411AEB} = {332BD7AE-41B2-4F61-B743-69CC7F70C5CD}
		{809D78F7-9A4E-4822-B28A-639D0531BAD1} = {332BD7AE-41B2-4F61-B743-69CC7F70C5CD}
		{2215A3DF-FA1B-43C8-B39A-B594106C1AB2} = {332BD7AE-41B2-4F61-B743-69CC7F70C5CD}
		{AE41C849-A9F5-4B9A-ABB8-F2D1657F4BFF} = {332BD7AE-41B2-4F61-B743-69CC7F70C5CD}
		{DCADF6ED-F299-4EB4-B1D9-4CBA4FAB9DEE} = {56CDC56C-57C3-4929-8851-47F615B46F72}
		{AF18CDFD-D15F-48AF-98FD-57C9EFAEE30F} = {332BD7AE-41B2-4F61-B743-69CC7F70C5CD}
		{655AB404-2801-45AA-8E70-E269986C57D6} = {332BD7AE-41B2-4F61-B743-69CC7F70C5CD}
		{0FCFF19A-B478-437A-9926-4FFBDD4D68FD} = {F3073352-ED10-4298-B95C-4B8E8E00032F}
		{AB345A8E-AF39-4A1C-B172-F2E8F050E466} = {F3073352-ED10-4298-B95C-4B8E8E00032F}
		{3686CB8B-D2DB-4B97-AE8E-7350BD2EF0DC} = {FC23EA6B-DDAB-48C1-BBEE-740DF59A96D9}
		{C5E4483E-FE3F-4254-83E4-3D1933B33036} = {FC23EA6B-DDAB-48C1-BBEE-740DF59A96D9}
		{B6F9AB4D-F314-4657-938D-483DF8E6D7CC} = {FC23EA6B-DDAB-48C1-BBEE-740DF59A96D9}
		{11F70AAB-F51E-4E8C-9B03-E0BFFEF8D5EF} = {F3073352-ED10-4298-B95C-4B8E8E00032F}
	EndGlobalSection
	GlobalSection(ProjectConfigurationPlatforms) = postSolution
		{09359D53-B77C-495F-A51C-20B59E0DCA06}.Debug|Any CPU.ActiveCfg = Debug|Any CPU
		{09359D53-B77C-495F-A51C-20B59E0DCA06}.Debug|Any CPU.Build.0 = Debug|Any CPU
		{09359D53-B77C-495F-A51C-20B59E0DCA06}.Release|Any CPU.ActiveCfg = Release|Any CPU
		{09359D53-B77C-495F-A51C-20B59E0DCA06}.Release|Any CPU.Build.0 = Release|Any CPU
		{31120C52-60BB-49E6-B359-F86556C83D63}.Debug|Any CPU.ActiveCfg = Debug|Any CPU
		{31120C52-60BB-49E6-B359-F86556C83D63}.Debug|Any CPU.Build.0 = Debug|Any CPU
		{31120C52-60BB-49E6-B359-F86556C83D63}.Release|Any CPU.ActiveCfg = Release|Any CPU
		{31120C52-60BB-49E6-B359-F86556C83D63}.Release|Any CPU.Build.0 = Release|Any CPU
		{3BDF7601-80F9-4E54-8251-47E7B26D1C84}.Debug|Any CPU.ActiveCfg = Debug|Any CPU
		{3BDF7601-80F9-4E54-8251-47E7B26D1C84}.Debug|Any CPU.Build.0 = Debug|Any CPU
		{3BDF7601-80F9-4E54-8251-47E7B26D1C84}.Release|Any CPU.ActiveCfg = Release|Any CPU
		{3BDF7601-80F9-4E54-8251-47E7B26D1C84}.Release|Any CPU.Build.0 = Release|Any CPU
		{A89E3312-E17F-4706-B489-253FAC2BF177}.Debug|Any CPU.ActiveCfg = Debug|Any CPU
		{A89E3312-E17F-4706-B489-253FAC2BF177}.Debug|Any CPU.Build.0 = Debug|Any CPU
		{A89E3312-E17F-4706-B489-253FAC2BF177}.Release|Any CPU.ActiveCfg = Release|Any CPU
		{A89E3312-E17F-4706-B489-253FAC2BF177}.Release|Any CPU.Build.0 = Release|Any CPU
		{96D6C7BE-76CD-4914-879F-8A1B5CEEC98C}.Debug|Any CPU.ActiveCfg = Debug|Any CPU
		{96D6C7BE-76CD-4914-879F-8A1B5CEEC98C}.Debug|Any CPU.Build.0 = Debug|Any CPU
		{96D6C7BE-76CD-4914-879F-8A1B5CEEC98C}.Release|Any CPU.ActiveCfg = Release|Any CPU
		{96D6C7BE-76CD-4914-879F-8A1B5CEEC98C}.Release|Any CPU.Build.0 = Release|Any CPU
		{EC01B70A-FD9C-4E6F-973C-ABB309EF0157}.Debug|Any CPU.ActiveCfg = Debug|Any CPU
		{EC01B70A-FD9C-4E6F-973C-ABB309EF0157}.Debug|Any CPU.Build.0 = Debug|Any CPU
		{EC01B70A-FD9C-4E6F-973C-ABB309EF0157}.Release|Any CPU.ActiveCfg = Release|Any CPU
		{EC01B70A-FD9C-4E6F-973C-ABB309EF0157}.Release|Any CPU.Build.0 = Release|Any CPU
		{7C5F0098-E792-4B75-AF15-1FD238D00254}.Debug|Any CPU.ActiveCfg = Debug|Any CPU
		{7C5F0098-E792-4B75-AF15-1FD238D00254}.Debug|Any CPU.Build.0 = Debug|Any CPU
		{7C5F0098-E792-4B75-AF15-1FD238D00254}.Release|Any CPU.ActiveCfg = Release|Any CPU
		{7C5F0098-E792-4B75-AF15-1FD238D00254}.Release|Any CPU.Build.0 = Release|Any CPU
		{901CA803-24D0-4908-9E79-A2FA7B828F76}.Debug|Any CPU.ActiveCfg = Debug|Any CPU
		{901CA803-24D0-4908-9E79-A2FA7B828F76}.Debug|Any CPU.Build.0 = Debug|Any CPU
		{901CA803-24D0-4908-9E79-A2FA7B828F76}.Release|Any CPU.ActiveCfg = Release|Any CPU
		{901CA803-24D0-4908-9E79-A2FA7B828F76}.Release|Any CPU.Build.0 = Release|Any CPU
		{A7892514-33E2-4FD6-ABB7-5CA8FF71FACE}.Debug|Any CPU.ActiveCfg = Debug|Any CPU
		{A7892514-33E2-4FD6-ABB7-5CA8FF71FACE}.Debug|Any CPU.Build.0 = Debug|Any CPU
		{A7892514-33E2-4FD6-ABB7-5CA8FF71FACE}.Release|Any CPU.ActiveCfg = Release|Any CPU
		{A7892514-33E2-4FD6-ABB7-5CA8FF71FACE}.Release|Any CPU.Build.0 = Release|Any CPU
		{08DF3C1B-A87A-47D0-AE31-9EB6EA67ACD8}.Debug|Any CPU.ActiveCfg = Debug|Any CPU
		{08DF3C1B-A87A-47D0-AE31-9EB6EA67ACD8}.Debug|Any CPU.Build.0 = Debug|Any CPU
		{08DF3C1B-A87A-47D0-AE31-9EB6EA67ACD8}.Release|Any CPU.ActiveCfg = Release|Any CPU
		{08DF3C1B-A87A-47D0-AE31-9EB6EA67ACD8}.Release|Any CPU.Build.0 = Release|Any CPU
		{599962A3-4789-4804-841B-E2B79D690671}.Debug|Any CPU.ActiveCfg = Debug|Any CPU
		{599962A3-4789-4804-841B-E2B79D690671}.Debug|Any CPU.Build.0 = Debug|Any CPU
		{599962A3-4789-4804-841B-E2B79D690671}.Release|Any CPU.ActiveCfg = Release|Any CPU
		{599962A3-4789-4804-841B-E2B79D690671}.Release|Any CPU.Build.0 = Release|Any CPU
		{19B4EEBA-A1E0-455A-AF78-482349411AEB}.Debug|Any CPU.ActiveCfg = Debug|Any CPU
		{19B4EEBA-A1E0-455A-AF78-482349411AEB}.Debug|Any CPU.Build.0 = Debug|Any CPU
		{19B4EEBA-A1E0-455A-AF78-482349411AEB}.Release|Any CPU.ActiveCfg = Release|Any CPU
		{19B4EEBA-A1E0-455A-AF78-482349411AEB}.Release|Any CPU.Build.0 = Release|Any CPU
		{809D78F7-9A4E-4822-B28A-639D0531BAD1}.Debug|Any CPU.ActiveCfg = Debug|Any CPU
		{809D78F7-9A4E-4822-B28A-639D0531BAD1}.Debug|Any CPU.Build.0 = Debug|Any CPU
		{809D78F7-9A4E-4822-B28A-639D0531BAD1}.Release|Any CPU.ActiveCfg = Release|Any CPU
		{809D78F7-9A4E-4822-B28A-639D0531BAD1}.Release|Any CPU.Build.0 = Release|Any CPU
		{2215A3DF-FA1B-43C8-B39A-B594106C1AB2}.Debug|Any CPU.ActiveCfg = Debug|Any CPU
		{2215A3DF-FA1B-43C8-B39A-B594106C1AB2}.Debug|Any CPU.Build.0 = Debug|Any CPU
		{2215A3DF-FA1B-43C8-B39A-B594106C1AB2}.Release|Any CPU.ActiveCfg = Release|Any CPU
		{2215A3DF-FA1B-43C8-B39A-B594106C1AB2}.Release|Any CPU.Build.0 = Release|Any CPU
		{AE41C849-A9F5-4B9A-ABB8-F2D1657F4BFF}.Debug|Any CPU.ActiveCfg = Debug|Any CPU
		{AE41C849-A9F5-4B9A-ABB8-F2D1657F4BFF}.Debug|Any CPU.Build.0 = Debug|Any CPU
		{AE41C849-A9F5-4B9A-ABB8-F2D1657F4BFF}.Release|Any CPU.ActiveCfg = Release|Any CPU
		{AE41C849-A9F5-4B9A-ABB8-F2D1657F4BFF}.Release|Any CPU.Build.0 = Release|Any CPU
		{DCADF6ED-F299-4EB4-B1D9-4CBA4FAB9DEE}.Debug|Any CPU.ActiveCfg = Debug|Any CPU
		{DCADF6ED-F299-4EB4-B1D9-4CBA4FAB9DEE}.Debug|Any CPU.Build.0 = Debug|Any CPU
		{DCADF6ED-F299-4EB4-B1D9-4CBA4FAB9DEE}.Release|Any CPU.ActiveCfg = Release|Any CPU
		{DCADF6ED-F299-4EB4-B1D9-4CBA4FAB9DEE}.Release|Any CPU.Build.0 = Release|Any CPU
		{AF18CDFD-D15F-48AF-98FD-57C9EFAEE30F}.Debug|Any CPU.ActiveCfg = Debug|Any CPU
		{AF18CDFD-D15F-48AF-98FD-57C9EFAEE30F}.Debug|Any CPU.Build.0 = Debug|Any CPU
		{AF18CDFD-D15F-48AF-98FD-57C9EFAEE30F}.Release|Any CPU.ActiveCfg = Release|Any CPU
		{AF18CDFD-D15F-48AF-98FD-57C9EFAEE30F}.Release|Any CPU.Build.0 = Release|Any CPU
		{655AB404-2801-45AA-8E70-E269986C57D6}.Debug|Any CPU.ActiveCfg = Debug|Any CPU
		{655AB404-2801-45AA-8E70-E269986C57D6}.Debug|Any CPU.Build.0 = Debug|Any CPU
		{655AB404-2801-45AA-8E70-E269986C57D6}.Release|Any CPU.ActiveCfg = Release|Any CPU
		{655AB404-2801-45AA-8E70-E269986C57D6}.Release|Any CPU.Build.0 = Release|Any CPU
		{0FCFF19A-B478-437A-9926-4FFBDD4D68FD}.Debug|Any CPU.ActiveCfg = Debug|Any CPU
		{0FCFF19A-B478-437A-9926-4FFBDD4D68FD}.Debug|Any CPU.Build.0 = Debug|Any CPU
		{0FCFF19A-B478-437A-9926-4FFBDD4D68FD}.Release|Any CPU.ActiveCfg = Release|Any CPU
		{0FCFF19A-B478-437A-9926-4FFBDD4D68FD}.Release|Any CPU.Build.0 = Release|Any CPU
		{AB345A8E-AF39-4A1C-B172-F2E8F050E466}.Debug|Any CPU.ActiveCfg = Debug|Any CPU
		{AB345A8E-AF39-4A1C-B172-F2E8F050E466}.Debug|Any CPU.Build.0 = Debug|Any CPU
		{AB345A8E-AF39-4A1C-B172-F2E8F050E466}.Release|Any CPU.ActiveCfg = Release|Any CPU
		{AB345A8E-AF39-4A1C-B172-F2E8F050E466}.Release|Any CPU.Build.0 = Release|Any CPU
		{3686CB8B-D2DB-4B97-AE8E-7350BD2EF0DC}.Debug|Any CPU.ActiveCfg = Debug|Any CPU
		{3686CB8B-D2DB-4B97-AE8E-7350BD2EF0DC}.Debug|Any CPU.Build.0 = Debug|Any CPU
		{3686CB8B-D2DB-4B97-AE8E-7350BD2EF0DC}.Release|Any CPU.ActiveCfg = Release|Any CPU
		{3686CB8B-D2DB-4B97-AE8E-7350BD2EF0DC}.Release|Any CPU.Build.0 = Release|Any CPU
		{C5E4483E-FE3F-4254-83E4-3D1933B33036}.Debug|Any CPU.ActiveCfg = Debug|Any CPU
		{C5E4483E-FE3F-4254-83E4-3D1933B33036}.Debug|Any CPU.Build.0 = Debug|Any CPU
		{C5E4483E-FE3F-4254-83E4-3D1933B33036}.Release|Any CPU.ActiveCfg = Release|Any CPU
		{C5E4483E-FE3F-4254-83E4-3D1933B33036}.Release|Any CPU.Build.0 = Release|Any CPU
		{B6F9AB4D-F314-4657-938D-483DF8E6D7CC}.Debug|Any CPU.ActiveCfg = Debug|Any CPU
		{B6F9AB4D-F314-4657-938D-483DF8E6D7CC}.Debug|Any CPU.Build.0 = Debug|Any CPU
		{B6F9AB4D-F314-4657-938D-483DF8E6D7CC}.Release|Any CPU.ActiveCfg = Release|Any CPU
		{B6F9AB4D-F314-4657-938D-483DF8E6D7CC}.Release|Any CPU.Build.0 = Release|Any CPU
		{11F70AAB-F51E-4E8C-9B03-E0BFFEF8D5EF}.Debug|Any CPU.ActiveCfg = Debug|Any CPU
		{11F70AAB-F51E-4E8C-9B03-E0BFFEF8D5EF}.Debug|Any CPU.Build.0 = Debug|Any CPU
		{11F70AAB-F51E-4E8C-9B03-E0BFFEF8D5EF}.Release|Any CPU.ActiveCfg = Release|Any CPU
		{11F70AAB-F51E-4E8C-9B03-E0BFFEF8D5EF}.Release|Any CPU.Build.0 = Release|Any CPU
	EndGlobalSection
EndGlobal
