
Microsoft Visual Studio Solution File, Format Version 12.00
# Visual Studio Version 17
VisualStudioVersion = 17.5.002.0
MinimumVisualStudioVersion = 10.0.40219.1
Project("{9A19103F-16F7-4668-BE54-9A1E7A4F7556}") = "MediaInAction.VideoService.BackgroundWorkers", "MediaInAction.VideoService.BackgroundWorkers.csproj", "{618E18BA-BA2A-4269-AFD7-4DC71A522897}"
EndProject
Global
	GlobalSection(SolutionConfigurationPlatforms) = preSolution
		Debug|Any CPU = Debug|Any CPU
		Release|Any CPU = Release|Any CPU
	EndGlobalSection
	GlobalSection(ProjectConfigurationPlatforms) = postSolution
		{618E18BA-BA2A-4269-AFD7-4DC71A522897}.Debug|Any CPU.ActiveCfg = Debug|Any CPU
		{618E18BA-BA2A-4269-AFD7-4DC71A522897}.Debug|Any CPU.Build.0 = Debug|Any CPU
		{618E18BA-BA2A-4269-AFD7-4DC71A522897}.Release|Any CPU.ActiveCfg = Release|Any CPU
		{618E18BA-BA2A-4269-AFD7-4DC71A522897}.Release|Any CPU.Build.0 = Release|Any CPU
	EndGlobalSection
	GlobalSection(SolutionProperties) = preSolution
		HideSolutionNode = FALSE
	EndGlobalSection
	GlobalSection(ExtensibilityGlobals) = postSolution
		SolutionGuid = {2CD652A7-97E8-4819-B832-509E9C195AC0}
	EndGlobalSection
EndGlobal
