
Microsoft Visual Studio Solution File, Format Version 12.00
# Visual Studio Version 17
VisualStudioVersion = 17.5.002.0
MinimumVisualStudioVersion = 10.0.40219.1
Project("{9A19103F-16F7-4668-BE54-9A1E7A4F7556}") = "MediaInAction.VideoService.HttpApi.Host", "MediaInAction.VideoService.HttpApi.Host.csproj", "{FE01E897-BF16-4080-917C-2E7D6D443BA4}"
EndProject
Global
	GlobalSection(SolutionConfigurationPlatforms) = preSolution
		Debug|Any CPU = Debug|Any CPU
		Release|Any CPU = Release|Any CPU
	EndGlobalSection
	GlobalSection(ProjectConfigurationPlatforms) = postSolution
		{FE01E897-BF16-4080-917C-2E7D6D443BA4}.Debug|Any CPU.ActiveCfg = Debug|Any CPU
		{FE01E897-BF16-4080-917C-2E7D6D443BA4}.Debug|Any CPU.Build.0 = Debug|Any CPU
		{FE01E897-BF16-4080-917C-2E7D6D443BA4}.Release|Any CPU.ActiveCfg = Release|Any CPU
		{FE01E897-BF16-4080-917C-2E7D6D443BA4}.Release|Any CPU.Build.0 = Release|Any CPU
	EndGlobalSection
	GlobalSection(SolutionProperties) = preSolution
		HideSolutionNode = FALSE
	EndGlobalSection
	GlobalSection(ExtensibilityGlobals) = postSolution
		SolutionGuid = {60767221-A7D5-438B-A4B3-48AD0D14D6A9}
	EndGlobalSection
EndGlobal
